# platform: osx-64
# env_hash: 73523d821ca9f2374bc6f436184a0e18ecb9e8f15153463c825e541f5857cda4
@EXPLICIT
https://repo.anaconda.com/pkgs/main/noarch/tzdata-2020f-h52ac0ba_0.conda#e968a3b568f386342fceebca8c8e6af9
https://conda.anaconda.org/anaconda/osx-64/blas-1.0-openblas.tar.bz2#38fd73cba341639c45d8c747b08c9cc1
https://conda.anaconda.org/conda-forge/osx-64/ca-certificates-2020.12.5-h033912b_0.tar.bz2#4483d8ea13bd57b52e3539e741501a7d
https://conda.anaconda.org/conda-forge/osx-64/libcxx-11.1.0-habf9029_0.tar.bz2#a88609e545f948a404419c65cd96fa1a
https://conda.anaconda.org/anaconda/osx-64/libgfortran-3.0.1-h93005f0_2.tar.bz2#e3a6e2b1a232418bbac9c47866273bdd
https://conda.anaconda.org/anaconda/osx-64/xz-5.2.5-h1de35cc_0.tar.bz2#9ae05a921d148dc61b64b2685145cf82
https://conda.anaconda.org/anaconda/osx-64/yaml-0.2.5-haf1e3a3_0.tar.bz2#cbfabc8518e50cc4726b86d1d8b6400a
https://conda.anaconda.org/anaconda/osx-64/zlib-1.2.11-h1de35cc_3.tar.bz2#6fddebfbe8354dd5fdb5ac8d56dec5bf
https://conda.anaconda.org/anaconda/osx-64/libffi-3.3-hb1e8313_2.tar.bz2#0d866b17cc3b70288c14478faed26db7
https://repo.anaconda.com/pkgs/main/osx-64/libopenblas-0.3.13-h7ddc91c_0.conda#0884ba5c8012376ab8d51d3044bb9022
https://conda.anaconda.org/anaconda/osx-64/ncurses-6.2-h0a44026_1.tar.bz2#f9b0393a71549899f7b20e100da46904
https://conda.anaconda.org/conda-forge/osx-64/openssl-1.1.1k-h0d85af4_0.tar.bz2#f9582eb16f4e3bc7932995e122f30a74
https://conda.anaconda.org/anaconda/osx-64/tk-8.6.10-hb0a8c7a_0.tar.bz2#89085878dfca80e48aa2f82302017c25
https://repo.anaconda.com/pkgs/main/osx-64/readline-8.1-h9ed2024_0.conda#ce1a650fddb885c47ccdb28c90a2057a
https://repo.anaconda.com/pkgs/main/osx-64/sqlite-3.35.4-hce871da_0.conda#2effbf71c73e6b006f6d7ae4c4c4eb5b
https://repo.anaconda.com/pkgs/main/osx-64/python-3.6.13-h88f2d9e_0.conda#fd6b1a227b13eb4f543ddee263a91cbd
https://conda.anaconda.org/conda-forge/noarch/appdirs-1.4.4-pyh9f0ad1d_0.tar.bz2#5f095bc6454094e96f146491fd03633b
https://repo.anaconda.com/pkgs/main/osx-64/chardet-4.0.0-py36hecd8cb5_1003.conda#0838b5a0b10a35358ee9a48c02715cd4
https://conda.anaconda.org/conda-forge/noarch/click-7.1.2-pyh9f0ad1d_0.tar.bz2#bd50a970ce07e660c319fdc4d730d3f1
https://conda.anaconda.org/conda-forge/noarch/decorator-5.0.7-pyhd8ed1ab_0.tar.bz2#328caef9e939b22c3d00392286e0cd85
https://conda.anaconda.org/conda-forge/noarch/distlib-0.3.1-pyh9f0ad1d_0.tar.bz2#db990401a267e2b15854af5f3f84f763
https://conda.anaconda.org/conda-forge/noarch/filelock-3.0.12-pyh9f0ad1d_0.tar.bz2#7544ed05bbbe9bb687bc9bcbe4d6cb46
https://conda.anaconda.org/conda-forge/noarch/idna-2.10-pyh9f0ad1d_0.tar.bz2#f95a12b4f435aae6680fe55ae2eb1b06
https://conda.anaconda.org/anaconda/osx-64/markupsafe-1.1.1-py36h1de35cc_0.tar.bz2#3458fd5c98248b77b410805a374049c4
https://repo.anaconda.com/pkgs/main/osx-64/numpy-base-1.19.2-py36h68fea81_0.conda#242fe900b177561470138e9daca84cd9
https://conda.anaconda.org/conda-forge/noarch/poyo-0.5.0-py_0.tar.bz2#f7e49e76e34d946c607757ad68e6b3f2
https://conda.anaconda.org/conda-forge/noarch/pycparser-2.20-pyh9f0ad1d_2.tar.bz2#aa798d50ffd182a0f6f31478c7f434f6
https://repo.anaconda.com/pkgs/main/osx-64/pysocks-1.7.1-py36hecd8cb5_0.conda#447e34747f927a5f1c3b466709fc87d2
https://conda.anaconda.org/conda-forge/osx-64/python_abi-3.6-1_cp36m.tar.bz2#b5288c464326cc7a5827251344e5098f
https://conda.anaconda.org/conda-forge/noarch/pytz-2021.1-pyhd8ed1ab_0.tar.bz2#3af2e9424d5eb0063824a3f9b850d411
https://conda.anaconda.org/conda-forge/noarch/six-1.15.0-pyh9f0ad1d_0.tar.bz2#1eec421f0f1f39e579e44e4a5ce646a2
https://conda.anaconda.org/anaconda/noarch/text-unidecode-1.3-py_0.tar.bz2#8c069d11b7c488e5236c7db6220c1db4
https://conda.anaconda.org/conda-forge/noarch/toml-0.10.2-pyhd8ed1ab_0.tar.bz2#f832c45a477c78bebd107098db465095
https://repo.anaconda.com/pkgs/main/osx-64/tornado-6.1-py36h9ed2024_0.conda#b617edff9c089883620c9bf0e3b58289
https://conda.anaconda.org/conda-forge/noarch/tqdm-4.60.0-pyhd8ed1ab_0.tar.bz2#d4d22fcd50ccf1925fe59efd36ba4358
https://conda.anaconda.org/anaconda/noarch/typing_extensions-3.7.4.3-py_0.tar.bz2#5c8380f176d05a9ef3cc52b02f9c5c2c
https://conda.anaconda.org/conda-forge/noarch/unidecode-1.2.0-pyhd8ed1ab_0.tar.bz2#99f2ebeeae7322c9235a3e16cd903deb
https://repo.anaconda.com/pkgs/main/noarch/wheel-0.36.2-pyhd3eb1b0_0.conda#31029affc034e8c7203202417cebd157
https://conda.anaconda.org/conda-forge/noarch/whichcraft-0.6.1-py_0.tar.bz2#08069b1a0dd029c8d5a8a935a7c71917
https://conda.anaconda.org/conda-forge/noarch/zipp-3.4.1-pyhd8ed1ab_0.tar.bz2#a4fa30eb74a326092b3d8078b1f1aae1
https://conda.anaconda.org/conda-forge/noarch/binaryornot-0.4.4-py_1.tar.bz2#a556fa60840fcb9dd739d186bfd252f7
https://conda.anaconda.org/conda-forge/osx-64/certifi-2020.12.5-py36h79c6626_1.tar.bz2#be73dcfa031097e831334929c9a510fc
https://repo.anaconda.com/pkgs/main/osx-64/cffi-1.14.5-py36h2125817_0.conda#4e4f04e578a0374490323fb3c677f740
https://conda.anaconda.org/conda-forge/noarch/cfgv-3.2.0-py_0.tar.bz2#4972efcb3e2cbd3954b24a17266be25c
https://conda.anaconda.org/conda-forge/osx-64/importlib-metadata-3.10.1-py36h79c6626_0.tar.bz2#907089e9651cf905677992cda53f0621
https://repo.anaconda.com/pkgs/main/osx-64/numpy-1.19.2-py36h63973fd_0.conda#45691e86fb514a0c6ccf7ba42083aab4
https://conda.anaconda.org/anaconda/noarch/python-dateutil-2.8.1-py_0.tar.bz2#58a898b1a4a13e8c0cfd0d4b1a999ba9
https://conda.anaconda.org/conda-forge/noarch/python-slugify-4.0.1-pyh9f0ad1d_0.tar.bz2#c97da61221ef1dce6a0cb5a1d36f0019
https://conda.anaconda.org/conda-forge/osx-64/pyyaml-5.4.1-py36h20b66c6_0.tar.bz2#271bdcfe208b523b9ae61d80576decd4
https://repo.anaconda.com/pkgs/main/osx-64/arrow-1.0.3-py36hecd8cb5_0.conda#26cf36bb9dfb95355cea5427b287160d
https://repo.anaconda.com/pkgs/main/osx-64/brotlipy-0.7.0-py36h9ed2024_1003.conda#02f6903399e2f330822cf2b1e3193185
https://repo.anaconda.com/pkgs/main/osx-64/cryptography-3.4.7-py36h2fd3fbb_0.conda#b70ecb124a99782763fa73331262c915
https://conda.anaconda.org/conda-forge/osx-64/editdistance-s-1.0.0-py36hc61eee1_1.tar.bz2#8debaf67388d1d79f3250e795053af05
https://conda.anaconda.org/conda-forge/noarch/importlib_metadata-3.10.1-hd8ed1ab_0.tar.bz2#daa6bb6edd7537397fc4363782e623aa
https://conda.anaconda.org/anaconda/osx-64/pandas-1.1.3-py36hb1e8313_0.tar.bz2#10356c7636f4195b9bb362f7811e05c2
https://conda.anaconda.org/anaconda/osx-64/scipy-1.5.2-py36hadf427e_0.tar.bz2#cf69913e3b12516e4fc9589b4b7ac4db
https://repo.anaconda.com/pkgs/main/osx-64/setuptools-52.0.0-py36hecd8cb5_0.conda#7dee58e03cf90fcdbaa6d39231423840
https://conda.anaconda.org/anaconda/osx-64/cython-0.29.21-py36hb1e8313_0.tar.bz2#c27cb1408585d32d3b8ee19fe0f9e519
https://conda.anaconda.org/conda-forge/noarch/identify-2.2.3-pyhd8ed1ab_0.tar.bz2#bcbb7548505233dfea5ddca2ff403dc6
https://conda.anaconda.org/conda-forge/osx-64/importlib_resources-5.1.2-py36h79c6626_0.tar.bz2#eca30a8d02c01157a45948a9ea8698c5
https://conda.anaconda.org/conda-forge/noarch/jinja2-2.11.3-pyh44b312d_0.tar.bz2#1d4c3605d85a3655b1595e0694138eb6
https://conda.anaconda.org/conda-forge/noarch/networkx-2.3-py_0.tar.bz2#1c816d18df2389a9e59e44c6f2bec757
https://conda.anaconda.org/conda-forge/noarch/nodeenv-1.6.0-pyhd8ed1ab_0.tar.bz2#0941325bf48969e2b3b19d0951740950
https://repo.anaconda.com/pkgs/main/osx-64/pip-21.0.1-py36hecd8cb5_0.conda#37c177e04eb35a056ead8a5437eb49c7
https://conda.anaconda.org/conda-forge/noarch/pyopenssl-20.0.1-pyhd8ed1ab_0.tar.bz2#92371c25994d0f5d28a01c1fb75ebf86
https://conda.anaconda.org/conda-forge/noarch/jinja2-time-0.2.0-py_2.tar.bz2#6e8d28fac1864c623fd4402168ca4d46
https://conda.anaconda.org/conda-forge/noarch/urllib3-1.26.4-pyhd8ed1ab_0.tar.bz2#d7b20b328e23d993994ea02077c009c0
https://conda.anaconda.org/conda-forge/osx-64/virtualenv-20.4.3-py36h79c6626_0.tar.bz2#3c3750a1a70c7258841865057637ce0b
https://conda.anaconda.org/conda-forge/osx-64/pre-commit-2.12.0-py36h79c6626_0.tar.bz2#82940a1d8c6aad2a858627297936a315
https://conda.anaconda.org/conda-forge/noarch/requests-2.25.1-pyhd3deb0d_0.tar.bz2#ae687aba31a1c400192a86a2e993ffdc
https://conda.anaconda.org/conda-forge/noarch/cookiecutter-1.7.2-pyh9f0ad1d_0.tar.bz2#9c8c5f26174b5a0d63e9655cf1fd7a2a
https://conda.anaconda.org/conda-forge/noarch/mesa-0.8.8.1-pyhd8ed1ab_0.tar.bz2#e37ef7a7e69183f3b57900b6bce7e61b
