# platform: win-64
# env_hash: 3fb51dcd5c26021164297a2b31e063fbf8e27b8d3af8bf553aca2e11ad56cb30
@EXPLICIT
https://conda.anaconda.org/anaconda/win-64/blas-1.0-mkl.tar.bz2#e8aa6b7daaf0925245c148aaeaa0722e
https://conda.anaconda.org/anaconda/win-64/ca-certificates-2020.10.14-0.tar.bz2#409ad31b691de21ffa5a33b1f8f7a1e8
https://conda.anaconda.org/anaconda/win-64/icc_rt-2019.0.0-h0cc432a_1.tar.bz2#ce2949c239b5cd45848a0a7865d30520
https://conda.anaconda.org/anaconda/win-64/intel-openmp-2020.2-254.tar.bz2#13b89340e8948ab5e10a0d9ec4568282
https://conda.anaconda.org/anaconda/win-64/vs2015_runtime-14.16.27012-hf0eaf9b_3.tar.bz2#8a6137e3828367e723c3cca7400e4150
https://conda.anaconda.org/anaconda/win-64/mkl-2019.4-245.tar.bz2#0f897fde2379b1adf2f6df4e79f22276
https://conda.anaconda.org/anaconda/win-64/vc-14.1-h0510ff6_4.tar.bz2#00bfe39f46f67409a376939cd2ab5039
https://conda.anaconda.org/anaconda/win-64/openssl-1.1.1h-he774522_0.tar.bz2#ad620ea3bc9bc30099777b21168cb7a1
https://conda.anaconda.org/anaconda/win-64/zlib-1.2.11-vc14h1cdd9ab_1.tar.bz2#4e2394286375c49f880e159a7efae05f
https://conda.anaconda.org/anaconda/win-64/sqlite-3.33.0-h2a8f88b_0.tar.bz2#28b3ff713891d0fe1efe48a93440ca21
https://conda.anaconda.org/anaconda/win-64/python-3.7.9-h60c2a47_0.tar.bz2#d51999644d04bda1d29faf04a5a700e1
https://conda.anaconda.org/anaconda/win-64/certifi-2020.6.20-py37_0.tar.bz2#80f5c00d593023b05244273335bc5673
https://conda.anaconda.org/anaconda/win-64/chardet-3.0.4-py37_1003.tar.bz2#2fe25b89d4336144bb2acac913ca963d
https://conda.anaconda.org/anaconda/noarch/click-7.1.2-py_0.tar.bz2#828d28ae2037e05472eb80fdcd41d3c6
https://conda.anaconda.org/anaconda/noarch/decorator-4.4.2-py_0.tar.bz2#4e298eec53d4a26726195d61ae144faf
https://conda.anaconda.org/anaconda/noarch/idna-2.10-py_0.tar.bz2#4b382d70696184fe9fcb7c75682664dc
https://conda.anaconda.org/anaconda/win-64/markupsafe-1.1.1-py37hfa6e2cd_1.tar.bz2#db97222c8e25021def9ef2c42cdb53c3
https://conda.anaconda.org/conda-forge/noarch/poyo-0.5.0-py_0.tar.bz2#f7e49e76e34d946c607757ad68e6b3f2
https://conda.anaconda.org/anaconda/noarch/pycparser-2.20-py_2.tar.bz2#bc20c885814700fdc0187918f9aff9ac
https://conda.anaconda.org/anaconda/noarch/pytz-2020.1-py_0.tar.bz2#ed81825324989d8f8f77a4ffd6ad1fdc
https://conda.anaconda.org/anaconda/noarch/six-1.15.0-py_0.tar.bz2#0d41d5bff9a456f76f0ef718dc7a573a
https://conda.anaconda.org/anaconda/noarch/text-unidecode-1.3-py_0.tar.bz2#8c069d11b7c488e5236c7db6220c1db4
https://conda.anaconda.org/anaconda/win-64/tornado-6.0.4-py37he774522_1.tar.bz2#1678507f737bf8e10e13bd1fb5b2cd50
https://conda.anaconda.org/anaconda/noarch/tqdm-4.50.2-py_0.tar.bz2#d7da4bc9cdf1b32934eadbc486a0c57e
https://conda.anaconda.org/anaconda/noarch/unidecode-1.1.1-py_0.tar.bz2#d6fd2a6cd88a4c2e67d94c0021e48bab
https://conda.anaconda.org/conda-forge/noarch/whichcraft-0.6.1-py_0.tar.bz2#08069b1a0dd029c8d5a8a935a7c71917
https://conda.anaconda.org/anaconda/win-64/win_inet_pton-1.1.0-py37_0.tar.bz2#4ec69295c06d6bb5d7735b98ecb393e6
https://conda.anaconda.org/anaconda/win-64/wincertstore-0.2-py37_0.tar.bz2#0418cf653523e6ef0174c259efaa78b4
https://conda.anaconda.org/conda-forge/noarch/binaryornot-0.4.4-py_1.tar.bz2#a556fa60840fcb9dd739d186bfd252f7
https://conda.anaconda.org/anaconda/win-64/cffi-1.14.3-py37h7a1dbc1_0.tar.bz2#43605bea56ea41b71a4be409853a8f90
https://conda.anaconda.org/anaconda/win-64/mkl-service-2.3.0-py37hb782905_0.tar.bz2#f854b386c6919557ad9a31ba6e834ae2
https://conda.anaconda.org/anaconda/win-64/pysocks-1.7.1-py37_1.tar.bz2#833eab00bbf5d9695b541b1ea6df20d7
https://conda.anaconda.org/anaconda/noarch/python-dateutil-2.8.1-py_0.tar.bz2#58a898b1a4a13e8c0cfd0d4b1a999ba9
https://conda.anaconda.org/anaconda/noarch/python-slugify-4.0.1-py_0.tar.bz2#d9cabf88812921d6f9fb5d93e6d15c89
https://conda.anaconda.org/anaconda/win-64/setuptools-50.3.0-py37h9490d1a_1.tar.bz2#04252785a3b3b8e3f4fb932ccff080cf
https://conda.anaconda.org/anaconda/win-64/arrow-0.16.0-py37_0.tar.bz2#29b1fcc49b23ed9c541afda4a4d4708c
https://conda.anaconda.org/anaconda/win-64/brotlipy-0.7.0-py37he774522_1000.tar.bz2#17aefd8c0790ef8f6d7850bb881a390e
https://conda.anaconda.org/anaconda/win-64/cryptography-3.1.1-py37h7a1dbc1_0.tar.bz2#a7cad89ca9ebb724b8baf2e706752a49
https://conda.anaconda.org/anaconda/noarch/jinja2-2.11.2-py_0.tar.bz2#4a4fc89f9879933d7a948221c3db2ba0
https://conda.anaconda.org/anaconda/noarch/networkx-2.5-py_0.tar.bz2#c19d5d748d65345fa47a2f094e360663
https://conda.anaconda.org/anaconda/win-64/numpy-base-1.19.1-py37ha3acd2a_0.tar.bz2#b66d448fd4e06e377b383735a12014a3
https://conda.anaconda.org/conda-forge/noarch/jinja2-time-0.2.0-py_2.tar.bz2#6e8d28fac1864c623fd4402168ca4d46
https://repo.anaconda.com/pkgs/r/win-64/mkl_random-1.0.4-py37h343c172_0.tar.bz2#6cc57abfd73c65279625cece075165bd
https://conda.anaconda.org/anaconda/noarch/pyopenssl-19.1.0-py_1.tar.bz2#eae315d2cf67ea8da0ae585af683b60d
https://conda.anaconda.org/anaconda/noarch/urllib3-1.25.11-py_0.tar.bz2#be7e845e2ccdd23fb14e7421336346bf
https://conda.anaconda.org/anaconda/noarch/requests-2.24.0-py_0.tar.bz2#0da8872d36b3ef33859654b6d0fea148
https://conda.anaconda.org/conda-forge/noarch/cookiecutter-1.7.2-pyh9f0ad1d_0.tar.bz2#9c8c5f26174b5a0d63e9655cf1fd7a2a
https://conda.anaconda.org/anaconda/win-64/mkl_fft-1.2.0-py37h45dec08_0.tar.bz2#a0193923cea8310cde5ddf89171c605b
https://conda.anaconda.org/anaconda/win-64/numpy-1.19.1-py37h5510c5b_0.tar.bz2#b1eed52287f624fdfc26e88367ec45ed
https://conda.anaconda.org/anaconda/win-64/pandas-1.1.3-py37ha925a31_0.tar.bz2#0a7b85f5f671925fc26d1af6f4731394
https://conda.anaconda.org/anaconda/win-64/scipy-1.5.2-py37h9439919_0.tar.bz2#56387bdc2b9b260fd3221cf9ed826461
https://conda.anaconda.org/conda-forge/noarch/mesa-0.8.8.1-pyhd8ed1ab_0.tar.bz2#e37ef7a7e69183f3b57900b6bce7e61b
