# platform: osx-64
# env_hash: 4affa9b285d75d8937b72c6d058e9ad632e1585993944a4dcdf0b1520861513a
@EXPLICIT
https://conda.anaconda.org/anaconda/osx-64/blas-1.0-mkl.tar.bz2#e2f3248e2a5009a02f7b8e54f83314ef
https://conda.anaconda.org/anaconda/osx-64/ca-certificates-2020.10.14-0.tar.bz2#a894a257ca27119745c5737cb95fc39e
https://conda.anaconda.org/anaconda/osx-64/intel-openmp-2020.2-258.tar.bz2#102517a27b9e12ca95fba74dc9a49107
https://conda.anaconda.org/conda-forge/osx-64/libcxx-11.1.0-habf9029_0.tar.bz2#a88609e545f948a404419c65cd96fa1a
https://conda.anaconda.org/anaconda/osx-64/libgfortran-3.0.1-h93005f0_2.tar.bz2#e3a6e2b1a232418bbac9c47866273bdd
https://conda.anaconda.org/anaconda/osx-64/xz-5.2.5-h1de35cc_0.tar.bz2#9ae05a921d148dc61b64b2685145cf82
https://conda.anaconda.org/anaconda/osx-64/yaml-0.2.5-haf1e3a3_0.tar.bz2#cbfabc8518e50cc4726b86d1d8b6400a
https://conda.anaconda.org/anaconda/osx-64/zlib-1.2.11-h1de35cc_3.tar.bz2#6fddebfbe8354dd5fdb5ac8d56dec5bf
https://conda.anaconda.org/anaconda/osx-64/libffi-3.3-hb1e8313_2.tar.bz2#0d866b17cc3b70288c14478faed26db7
https://conda.anaconda.org/anaconda/osx-64/mkl-2019.4-233.tar.bz2#ae8645613aaed23c98f862db949275f1
https://conda.anaconda.org/anaconda/osx-64/ncurses-6.2-h0a44026_1.tar.bz2#f9b0393a71549899f7b20e100da46904
https://conda.anaconda.org/anaconda/osx-64/openssl-1.1.1h-haf1e3a3_0.tar.bz2#a2b806a758358ddfdb3ab7331b06399d
https://conda.anaconda.org/anaconda/osx-64/tk-8.6.10-hb0a8c7a_0.tar.bz2#89085878dfca80e48aa2f82302017c25
https://conda.anaconda.org/anaconda/osx-64/libedit-3.1.20191231-h1de35cc_1.tar.bz2#6e3ad1781c11cf05be9980aac0094f9e
https://conda.anaconda.org/anaconda/osx-64/readline-8.0-h1de35cc_0.tar.bz2#39f9a6a6e46700c4c336dddfbb6b6001
https://conda.anaconda.org/anaconda/osx-64/sqlite-3.33.0-hffcf06c_0.tar.bz2#d4e115b8b53e1ccb878c7c12dc390439
https://conda.anaconda.org/anaconda/osx-64/python-3.7.9-h26836e1_0.tar.bz2#5bfebe112b1cf889458ac61527699c39
https://conda.anaconda.org/anaconda/noarch/appdirs-1.4.4-py_0.tar.bz2#1ec0ad340dd2bb6786559565aa9e8a2f
https://conda.anaconda.org/anaconda/noarch/attrs-20.2.0-py_0.tar.bz2#fbac20defeae390f730e200dac29bf82
https://conda.anaconda.org/anaconda/osx-64/certifi-2020.6.20-py37_0.tar.bz2#02446b304952f8e106a7de33a58e8481
https://conda.anaconda.org/anaconda/osx-64/chardet-3.0.4-py37_1003.tar.bz2#93d145e0856bdb241da586bac67644e1
https://conda.anaconda.org/anaconda/noarch/click-7.1.2-py_0.tar.bz2#828d28ae2037e05472eb80fdcd41d3c6
https://conda.anaconda.org/anaconda/noarch/decorator-4.4.2-py_0.tar.bz2#4e298eec53d4a26726195d61ae144faf
https://conda.anaconda.org/anaconda/osx-64/distlib-0.3.1-py37_0.tar.bz2#5b302c5dde8285c43076debd5f3ace62
https://conda.anaconda.org/anaconda/noarch/filelock-3.0.12-py_0.tar.bz2#e4dc56729eccc8ad5932a332bd1cbf82
https://conda.anaconda.org/anaconda/noarch/idna-2.10-py_0.tar.bz2#4b382d70696184fe9fcb7c75682664dc
https://conda.anaconda.org/anaconda/noarch/iniconfig-1.1.1-py_0.tar.bz2#364c9d53e3259fed8614eb6ab5994b86
https://conda.anaconda.org/anaconda/osx-64/markupsafe-1.1.1-py37h1de35cc_0.tar.bz2#6212b2ab14066988905f23773e4333fe
https://conda.anaconda.org/anaconda/noarch/more-itertools-8.5.0-py_0.tar.bz2#6924472841c02c4dad8e52f4054a86b7
https://conda.anaconda.org/anaconda/osx-64/mypy_extensions-0.4.3-py37_0.tar.bz2#287402ab3c0eb745ecb763a691a464aa
https://conda.anaconda.org/anaconda/noarch/pathspec-0.7.0-py_0.tar.bz2#8e43fac55472913240f0f2154e31836a
https://conda.anaconda.org/conda-forge/noarch/poyo-0.5.0-py_0.tar.bz2#f7e49e76e34d946c607757ad68e6b3f2
https://conda.anaconda.org/anaconda/noarch/py-1.9.0-py_0.tar.bz2#3d61b4901f058ccd003b04613659cfd8
https://conda.anaconda.org/anaconda/noarch/pycparser-2.20-py_2.tar.bz2#bc20c885814700fdc0187918f9aff9ac
https://conda.anaconda.org/anaconda/noarch/pyparsing-2.4.7-py_0.tar.bz2#f185dd8ef8d8d543666158c07b3afe13
https://conda.anaconda.org/anaconda/osx-64/pysocks-1.7.1-py37_0.tar.bz2#26d5222202475a037f5e1c38012bb16f
https://conda.anaconda.org/conda-forge/osx-64/python_abi-3.7-1_cp37m.tar.bz2#d2cb192f8948ea603927a71f015574dd
https://conda.anaconda.org/anaconda/noarch/pytz-2020.1-py_0.tar.bz2#ed81825324989d8f8f77a4ffd6ad1fdc
https://conda.anaconda.org/anaconda/osx-64/pyyaml-5.3.1-py37haf1e3a3_1.tar.bz2#6d80796160fb60e53d34177c988af491
https://conda.anaconda.org/anaconda/osx-64/regex-2020.10.15-py37haf1e3a3_0.tar.bz2#38275b4c075933b72d8d0b05b5062102
https://conda.anaconda.org/anaconda/noarch/six-1.15.0-py_0.tar.bz2#0d41d5bff9a456f76f0ef718dc7a573a
https://conda.anaconda.org/anaconda/noarch/text-unidecode-1.3-py_0.tar.bz2#8c069d11b7c488e5236c7db6220c1db4
https://conda.anaconda.org/anaconda/noarch/toml-0.10.1-py_0.tar.bz2#93523ebfee95e873e2dd14e77c692620
https://conda.anaconda.org/anaconda/osx-64/tornado-6.0.4-py37h1de35cc_1.tar.bz2#96d47e03030880d49de718527f1f5f38
https://conda.anaconda.org/anaconda/noarch/tqdm-4.50.2-py_0.tar.bz2#d7da4bc9cdf1b32934eadbc486a0c57e
https://conda.anaconda.org/anaconda/osx-64/typed-ast-1.4.1-py37h1de35cc_0.tar.bz2#55b39fff9dc716e86b7c420e24b9955a
https://conda.anaconda.org/anaconda/noarch/typing_extensions-3.7.4.3-py_0.tar.bz2#5c8380f176d05a9ef3cc52b02f9c5c2c
https://conda.anaconda.org/anaconda/noarch/unidecode-1.1.1-py_0.tar.bz2#d6fd2a6cd88a4c2e67d94c0021e48bab
https://conda.anaconda.org/conda-forge/noarch/whichcraft-0.6.1-py_0.tar.bz2#08069b1a0dd029c8d5a8a935a7c71917
https://conda.anaconda.org/anaconda/noarch/zipp-3.3.1-py_0.tar.bz2#0866c5c2eacf8d9eb096bb0732f7666d
https://conda.anaconda.org/conda-forge/noarch/binaryornot-0.4.4-py_1.tar.bz2#a556fa60840fcb9dd739d186bfd252f7
https://conda.anaconda.org/anaconda/noarch/black-19.10b0-py_0.tar.bz2#efe4364cd657c3195f26835683a620a9
https://conda.anaconda.org/anaconda/osx-64/cffi-1.14.3-py37hed5b41f_0.tar.bz2#e1caa8cf420d6edd60c8416b01f4330b
https://conda.anaconda.org/conda-forge/noarch/cfgv-3.2.0-py_0.tar.bz2#4972efcb3e2cbd3954b24a17266be25c
https://conda.anaconda.org/conda-forge/noarch/click-default-group-1.2.2-pyhd8ed1ab_1.tar.bz2#72a46ffc25701c173932fd55cf0965d3
https://conda.anaconda.org/anaconda/noarch/importlib-metadata-2.0.0-py_1.tar.bz2#6e77b21126e16cd89989c52d37162f59
https://conda.anaconda.org/anaconda/osx-64/mkl-service-2.3.0-py37hfbe908c_0.tar.bz2#7949b23602ad74bfb829fb69d7055963
https://conda.anaconda.org/anaconda/noarch/packaging-20.4-py_0.tar.bz2#80eb4e4cda8abe15fb013ab97a0b5bd9
https://conda.anaconda.org/anaconda/noarch/python-dateutil-2.8.1-py_0.tar.bz2#58a898b1a4a13e8c0cfd0d4b1a999ba9
https://conda.anaconda.org/anaconda/noarch/python-slugify-4.0.1-py_0.tar.bz2#d9cabf88812921d6f9fb5d93e6d15c89
https://conda.anaconda.org/anaconda/osx-64/setuptools-50.3.0-py37h0dc7051_1.tar.bz2#5331608e93c0eb2c4852db1ad8ce52f2
https://conda.anaconda.org/anaconda/osx-64/arrow-0.16.0-py37_0.tar.bz2#78e9a3e072f6e35b5b5b67bc77a8e9ce
https://conda.anaconda.org/anaconda/osx-64/brotlipy-0.7.0-py37haf1e3a3_1000.tar.bz2#0f487ba2b9b63c718e959d0caa9f5dc9
https://conda.anaconda.org/anaconda/osx-64/cryptography-3.1.1-py37hddc9c9b_0.tar.bz2#aba28dae7edb5e90e7283a535a45d2e2
https://conda.anaconda.org/conda-forge/osx-64/editdistance-s-1.0.0-py37h737db71_1.tar.bz2#f031698756d596a8bd0b81eaa4c5bbac
https://conda.anaconda.org/anaconda/noarch/importlib_metadata-2.0.0-1.tar.bz2#ee86d1893b4f57c3b9e828aac034ac01
https://conda.anaconda.org/anaconda/noarch/jinja2-2.11.2-py_0.tar.bz2#4a4fc89f9879933d7a948221c3db2ba0
https://conda.anaconda.org/anaconda/noarch/networkx-2.5-py_0.tar.bz2#c19d5d748d65345fa47a2f094e360663
https://conda.anaconda.org/conda-forge/noarch/nodeenv-1.6.0-pyhd8ed1ab_0.tar.bz2#0941325bf48969e2b3b19d0951740950
https://conda.anaconda.org/anaconda/osx-64/numpy-base-1.19.1-py37hcfb5961_0.tar.bz2#327e7e660a633936b7ade20d20f56d36
https://conda.anaconda.org/anaconda/osx-64/virtualenv-20.0.35-py37_0.tar.bz2#81c956d5b172cde73de534441e29c74c
https://conda.anaconda.org/conda-forge/noarch/identify-2.2.4-pyhd8ed1ab_0.tar.bz2#86a6446475a53451a71e1515150cb532
https://conda.anaconda.org/conda-forge/noarch/jinja2-time-0.2.0-py_2.tar.bz2#6e8d28fac1864c623fd4402168ca4d46
https://conda.anaconda.org/anaconda/osx-64/pluggy-0.13.1-py37_0.tar.bz2#b480aa97d228aebdc2a3a76f70dc880b
https://conda.anaconda.org/anaconda/noarch/pyopenssl-19.1.0-py_1.tar.bz2#eae315d2cf67ea8da0ae585af683b60d
https://conda.anaconda.org/conda-forge/osx-64/pre-commit-2.12.1-py37hf985489_0.tar.bz2#a79f4e3ee9079da58171b327036f0df1
https://conda.anaconda.org/anaconda/osx-64/pytest-6.1.1-py37_0.tar.bz2#92bc005bddff15455538afbadf94135c
https://conda.anaconda.org/anaconda/noarch/urllib3-1.25.11-py_0.tar.bz2#be7e845e2ccdd23fb14e7421336346bf
https://conda.anaconda.org/conda-forge/noarch/pre_commit-2.12.1-hd8ed1ab_0.tar.bz2#d9d771199150fe0b52705f631332aad1
https://conda.anaconda.org/anaconda/noarch/requests-2.24.0-py_0.tar.bz2#0da8872d36b3ef33859654b6d0fea148
https://conda.anaconda.org/conda-forge/noarch/cookiecutter-1.7.2-pyh9f0ad1d_0.tar.bz2#9c8c5f26174b5a0d63e9655cf1fd7a2a
https://conda.anaconda.org/conda-forge/noarch/ensureconda-1.4.1-pyhd8ed1ab_0.tar.bz2#52a7f7cc9076e2c8a25e15e19ad42821
https://conda.anaconda.org/conda-forge/noarch/conda-lock-0.9.1-pyhd8ed1ab_0.tar.bz2#c918c8071db1665663a46371b0a46620
https://conda.anaconda.org/anaconda/osx-64/mkl_fft-1.2.0-py37hc64f4ea_0.tar.bz2#2812b674aab55749e4800a0b77d42470
https://conda.anaconda.org/anaconda/osx-64/mkl_random-1.1.1-py37h959d312_0.tar.bz2#aa79e19d779d073d17765919f432e11a
https://conda.anaconda.org/anaconda/osx-64/numpy-1.19.1-py37h3b9f5b6_0.tar.bz2#cc9e90137c6ba640b4245cab49870dd6
https://conda.anaconda.org/anaconda/osx-64/pandas-1.1.3-py37hb1e8313_0.tar.bz2#8a1311d7785874a67e33959a72078455
https://conda.anaconda.org/anaconda/osx-64/scipy-1.5.2-py37h912ce22_0.tar.bz2#11ed4bca3f5486029a56b0fa0b4b7d3e
https://conda.anaconda.org/conda-forge/noarch/mesa-0.8.8.1-pyhd8ed1ab_0.tar.bz2#e37ef7a7e69183f3b57900b6bce7e61b
