# Generated by conda-lock.
# platform: linux-64
# input_hash: a0f95bc751da464f73f14ecb130066cb828fb44df3c177df4b3e94acbc067178
@EXPLICIT
https://conda.anaconda.org/conda-forge/linux-64/_libgcc_mutex-0.1-conda_forge.tar.bz2#d7c89558ba9fa0495403155b64376d81
https://conda.anaconda.org/anaconda/linux-64/ca-certificates-2022.07.19-h06a4308_0.tar.bz2#ef4b29ea120fdfa542adbce43d035c95
https://conda.anaconda.org/anaconda/linux-64/ld_impl_linux-64-2.38-h1181459_1.tar.bz2#9508af80612e4fa1b5d1abb43ca7e63c
https://conda.anaconda.org/anaconda/linux-64/libgfortran4-7.5.0-ha8ba4b0_17.tar.bz2#ee92f85ca6a790b738daa5e143f1ae5a
https://conda.anaconda.org/conda-forge/linux-64/libstdcxx-ng-12.1.0-ha89aaad_16.tar.bz2#6f5ba041a41eb102a1027d9e68731be7
https://conda.anaconda.org/anaconda/noarch/tzdata-2022a-hda174b7_0.tar.bz2#a99750e9650510d276b56d2b000f4569
https://conda.anaconda.org/anaconda/linux-64/libgfortran-ng-7.5.0-ha8ba4b0_17.tar.bz2#526a52415a29fc6df26612f2d42b162f
https://conda.anaconda.org/conda-forge/linux-64/_openmp_mutex-4.5-2_kmp_llvm.tar.bz2#562b26ba2e19059551a811e72ab7f793
https://conda.anaconda.org/conda-forge/linux-64/libgcc-ng-12.1.0-h8d9b700_16.tar.bz2#4f05bc9844f7c101e6e147dab3c88d5c
https://conda.anaconda.org/anaconda/linux-64/expat-2.4.4-h295c915_0.tar.bz2#c12e8c75f3c7c4f5867827c5dc02dc2c
https://conda.anaconda.org/anaconda/linux-64/giflib-5.2.1-h7b6447c_0.tar.bz2#299bf4271d710651a1d71d3795580c2d
https://conda.anaconda.org/anaconda/linux-64/icu-58.2-he6710b0_3.tar.bz2#9213e0336e3a5216c989cfe52648412e
https://conda.anaconda.org/anaconda/linux-64/jpeg-9e-h7f8727e_0.tar.bz2#6e1c0fb5260c590f7ef5235cb3d05863
https://conda.anaconda.org/anaconda/linux-64/libbrotlicommon-1.0.9-h5eee18b_7.tar.bz2#787927eff72e62c270f614cbcba9479c
https://conda.anaconda.org/anaconda/linux-64/libffi-3.3-he6710b0_2.tar.bz2#822b5201dde61bc838072dc5b670c88c
https://conda.anaconda.org/anaconda/linux-64/libopenblas-0.3.10-h5a2b251_0.tar.bz2#9aabc4bb8d65076053ccf58132ba794a
https://conda.anaconda.org/anaconda/linux-64/libuuid-1.0.3-h7f8727e_2.tar.bz2#fda36b99463bad87974196da2d5bed08
https://conda.anaconda.org/anaconda/linux-64/libwebp-base-1.2.2-h7f8727e_0.tar.bz2#eeb1bd66f28bed1956ab989d6eff7ae5
https://conda.anaconda.org/anaconda/linux-64/libxcb-1.15-h7f8727e_0.tar.bz2#49e523de8d364b7fabc3850eccbe9bda
https://conda.anaconda.org/conda-forge/linux-64/libzlib-1.2.12-h166bdaf_2.tar.bz2#8302381297332ea50532cf2c67961080
https://conda.anaconda.org/anaconda/linux-64/lz4-c-1.9.3-h295c915_1.tar.bz2#f35d4bf2fbb39e334992f6dd39f8721e
https://conda.anaconda.org/anaconda/linux-64/ncurses-6.3-h5eee18b_3.tar.bz2#c5ca7fea42593496aa508ba8171f53fb
https://conda.anaconda.org/anaconda/linux-64/nspr-4.33-h295c915_0.tar.bz2#28808460055d2c42c58edd8639ce530c
https://conda.anaconda.org/anaconda/linux-64/openssl-1.1.1q-h7f8727e_0.tar.bz2#ad51928702694e3f6d25b7d4229c84e6
https://conda.anaconda.org/anaconda/linux-64/pcre-8.45-h295c915_0.tar.bz2#4bac8a874e62f41ebab8345ca6076eb6
https://conda.anaconda.org/anaconda/linux-64/xz-5.2.5-h7f8727e_1.tar.bz2#94cb94dc47405b24b1b5bd0a3275ab59
https://conda.anaconda.org/anaconda/linux-64/yaml-0.2.5-h7b6447c_0.tar.bz2#fcff4f33bb4e3fa91f8d5c3168807abb
https://conda.anaconda.org/anaconda/linux-64/zlib-1.2.12-h7f8727e_2.tar.bz2#601d9449c280b9b145dc8c83b6f06119
https://conda.anaconda.org/anaconda/linux-64/glib-2.69.1-h4ff587b_1.tar.bz2#858d4f13f1b0e54ee8cc3dd7c67cf0de
https://conda.anaconda.org/conda-forge/linux-64/libblas-3.8.0-17_openblas.tar.bz2#fdd1790e564778bf0c616e639badfe58
https://conda.anaconda.org/anaconda/linux-64/libbrotlidec-1.0.9-h5eee18b_7.tar.bz2#c0608d376a30b5aa4d2f2c22978135db
https://conda.anaconda.org/anaconda/linux-64/libbrotlienc-1.0.9-h5eee18b_7.tar.bz2#cc6a6d362912a2d112310bd3f8acd44e
https://conda.anaconda.org/anaconda/linux-64/libedit-3.1.20210910-h7f8727e_0.tar.bz2#5f295795bb8e419eacb4d6ffbba68ceb
https://conda.anaconda.org/anaconda/linux-64/libevent-2.1.12-h8f2d780_0.tar.bz2#2e3534102d10ade546c0feb056bbffbe
https://conda.anaconda.org/anaconda/linux-64/libllvm10-10.0.1-hbcb73fb_5.tar.bz2#018341009ad2153562af92ebf6f7752a
https://conda.anaconda.org/anaconda/linux-64/libpng-1.6.37-hbc83047_0.tar.bz2#9cb85601944ca7383b1769bff74b94e8
https://conda.anaconda.org/anaconda/linux-64/libxml2-2.9.14-h74e7548_0.tar.bz2#686e77514ec9f1ef0a6feed374f14d37
https://conda.anaconda.org/conda-forge/linux-64/llvm-openmp-14.0.4-he0ac6c6_0.tar.bz2#cecc6e3cb66570ffcfb820c637890f54
https://conda.anaconda.org/anaconda/linux-64/readline-8.1.2-h7f8727e_1.tar.bz2#150ac0eb929bab9dec912797bdfc7b95
https://conda.anaconda.org/anaconda/linux-64/tk-8.6.12-h1ccaba5_0.tar.bz2#5b8375e2092012db69d2123dc0c68630
https://conda.anaconda.org/anaconda/linux-64/zstd-1.5.2-ha4553b6_0.tar.bz2#b1737dfd2e06ad69ec5cfec341e207c6
https://conda.anaconda.org/anaconda/linux-64/brotli-bin-1.0.9-h5eee18b_7.tar.bz2#d9d570587ccfd7158b66feb823c990c6
https://conda.anaconda.org/anaconda/linux-64/dbus-1.13.18-hb2f20db_0.tar.bz2#498d0788982ec4c5d13a44359b9c7afb
https://conda.anaconda.org/anaconda/linux-64/freetype-2.11.0-h70c0345_0.tar.bz2#d2b24736491290a6c6d0138932111150
https://conda.anaconda.org/anaconda/linux-64/gstreamer-1.14.0-h28cd5cc_2.tar.bz2#83453eb716b94c66fb64391760c0eeb1
https://conda.anaconda.org/anaconda/linux-64/krb5-1.19.2-hac12032_0.tar.bz2#fe9cc044a22b2fc3a5a0699e2fde72fd
https://conda.anaconda.org/conda-forge/linux-64/libcblas-3.8.0-17_openblas.tar.bz2#28f6376d1c4ca5e0fc287fb0484e37a1
https://conda.anaconda.org/anaconda/linux-64/libclang-10.0.1-default_hb85057a_2.tar.bz2#303df88e60520fefb6ed6d07eecbb645
https://conda.anaconda.org/conda-forge/linux-64/liblapack-3.8.0-17_openblas.tar.bz2#09cfbcdb4888dc9010b4cbc60e55c6ad
https://conda.anaconda.org/anaconda/linux-64/libtiff-4.2.0-h2818925_1.tar.bz2#b25d56d33596623a6a4a9d9baaa4f602
https://conda.anaconda.org/anaconda/linux-64/libxkbcommon-1.0.1-hfa300c1_0.tar.bz2#971c3026995b3eac64a061153776f572
https://conda.anaconda.org/anaconda/linux-64/libxslt-1.1.35-h4e12654_0.tar.bz2#66e2aa12181bb2911485bdbe125d24c5
https://conda.anaconda.org/anaconda/linux-64/sqlite-3.39.2-h5082296_0.tar.bz2#11e2b91d54d6f15b0c08251eb8283e5f
https://conda.anaconda.org/anaconda/linux-64/brotli-1.0.9-h5eee18b_7.tar.bz2#712827b1699cc71e6240626c413408f3
https://conda.anaconda.org/anaconda/linux-64/fontconfig-2.13.1-h6c09931_0.tar.bz2#e2fda4383ff9a690a6ac174553e10414
https://conda.anaconda.org/anaconda/linux-64/gst-plugins-base-1.14.0-h8213a91_2.tar.bz2#df2e0695e2edbd91b719da5b15249c5a
https://conda.anaconda.org/anaconda/linux-64/lcms2-2.12-h3be6417_0.tar.bz2#653b4f425f6d4a21f04619b1f5f8aa43
https://conda.anaconda.org/conda-forge/linux-64/liblapacke-3.8.0-17_openblas.tar.bz2#130b94ea4abaada4f7d15a76778ad8fa
https://conda.anaconda.org/anaconda/linux-64/libpq-12.9-h16c4e8d_3.tar.bz2#9a937973dc627e6d2d1f29b73fb714ca
https://conda.anaconda.org/anaconda/linux-64/libwebp-1.2.2-h55f646e_0.tar.bz2#c566a384259c1d2769852c3bddd81a67
https://conda.anaconda.org/anaconda/linux-64/nss-3.74-h0370c37_0.tar.bz2#dae15373190aa3fe1a52b9f5c5846151
https://conda.anaconda.org/anaconda/linux-64/python-3.9.12-h12debd9_1.tar.bz2#bb118745c9b08fc5028f45e77f371e68
https://conda.anaconda.org/anaconda/noarch/appdirs-1.4.4-pyhd3eb1b0_0.tar.bz2#a1914956aa26b608c4f2d17edadca061
https://conda.anaconda.org/anaconda/noarch/attrs-21.4.0-pyhd3eb1b0_0.tar.bz2#718e897afa9f595cfe33461c0685d4da
https://conda.anaconda.org/conda-forge/linux-64/blas-2.17-openblas.tar.bz2#f6ab5c5a85a8bc81eb1bd2997e8f4bad
https://conda.anaconda.org/anaconda/noarch/cachy-0.3.0-pyhd3eb1b0_0.tar.bz2#3c69c7baa48325ff2f623d16bf197c9e
https://conda.anaconda.org/anaconda/linux-64/certifi-2022.6.15-py39h06a4308_0.tar.bz2#242a8d9e6b3461a6788f602263b2c5f2
https://conda.anaconda.org/conda-forge/noarch/cfgv-3.3.1-pyhd8ed1ab_0.tar.bz2#ebb5f5f7dc4f1a3780ef7ea7738db08c
https://conda.anaconda.org/anaconda/linux-64/chardet-4.0.0-py39h06a4308_1003.tar.bz2#bf619ce778d01adaef0aef6b7e99972a
https://conda.anaconda.org/anaconda/noarch/charset-normalizer-2.0.4-pyhd3eb1b0_0.tar.bz2#544adf2677c47c9b9c891aea720678f1
https://conda.anaconda.org/anaconda/linux-64/click-8.0.4-py39h06a4308_0.tar.bz2#34726366b02828dd11ec10569ce67676
https://conda.anaconda.org/anaconda/noarch/crashtest-0.3.1-py_0.tar.bz2#60ebeef673edc8cdfa7c99e5f9fd7baa
https://conda.anaconda.org/anaconda/noarch/cycler-0.11.0-pyhd3eb1b0_0.tar.bz2#dfb0ca8055c9a72aaca7b845a6edea17
https://conda.anaconda.org/anaconda/noarch/dataclasses-0.8-pyh6d0b6a4_7.tar.bz2#c8c177c84b3e5e6145156045660868e9
https://conda.anaconda.org/anaconda/noarch/distlib-0.3.2-pyhd3eb1b0_0.tar.bz2#048c9b2ed056cf5227d770c54577dd0e
https://conda.anaconda.org/anaconda/noarch/filelock-3.6.0-pyhd3eb1b0_0.tar.bz2#e7beebeb55f9b9636f2d29d3ac190694
https://conda.anaconda.org/anaconda/noarch/idna-3.3-pyhd3eb1b0_0.tar.bz2#f2d821eedf78bfe0e9f1d8faf9c8b23e
https://conda.anaconda.org/anaconda/noarch/iniconfig-1.1.1-pyhd3eb1b0_0.tar.bz2#e40edff2c5708f342cef43c7f280c507
https://conda.anaconda.org/anaconda/noarch/jeepney-0.7.1-pyhd3eb1b0_0.tar.bz2#2e0b6c8c936a841df7bba3ddbb8b3a11
https://conda.anaconda.org/anaconda/noarch/joblib-1.1.0-pyhd3eb1b0_0.tar.bz2#b4300546d6016d14b6c1b2e26ef37d85
https://conda.anaconda.org/anaconda/linux-64/kiwisolver-1.4.2-py39h295c915_0.tar.bz2#81b969d1a00153759b30554a1f11ddfd
https://conda.anaconda.org/anaconda/linux-64/lockfile-0.12.2-py39h06a4308_0.tar.bz2#34a76c18f0ccc3ad6f0f5d37f1c9fd25
https://conda.anaconda.org/anaconda/linux-64/markupsafe-2.1.1-py39h7f8727e_0.tar.bz2#feb0e452205b44ac45d9b5e55c21a3b1
https://conda.anaconda.org/anaconda/linux-64/msgpack-python-1.0.3-py39hd09550d_0.tar.bz2#5b2574b896f022cf33ed9a871aacabb3
https://conda.anaconda.org/anaconda/noarch/munkres-1.1.4-py_0.tar.bz2#67857cc5e9044770d2b15f9d94a4521d
https://conda.anaconda.org/anaconda/linux-64/mypy_extensions-0.4.3-py39h06a4308_1.tar.bz2#763d81e8d77153a6fd3b1981d20023b1
https://conda.anaconda.org/anaconda/linux-64/networkx-2.8.4-py39h06a4308_0.tar.bz2#b8b4ce1bf30b26408fc1b4f4e2403fe3
https://conda.anaconda.org/anaconda/noarch/pastel-0.2.1-py_0.tar.bz2#defbad7a296c7e13f8c59a844ee0711c
https://conda.anaconda.org/anaconda/linux-64/pathspec-0.9.0-py39h06a4308_0.tar.bz2#d08161b34bb2ec2963ecb25b342e1df8
https://conda.anaconda.org/anaconda/linux-64/pillow-9.2.0-py39hace64e9_1.tar.bz2#f916184be2f9f18cb1add691f7588d57
https://conda.anaconda.org/anaconda/noarch/pkginfo-1.8.2-pyhd3eb1b0_0.tar.bz2#a7b9917c3ebf68eb74a40f34670f81ee
https://conda.anaconda.org/anaconda/noarch/platformdirs-2.4.0-pyhd3eb1b0_0.tar.bz2#9d6e9750792dd567c6561bf2dfa4cf90
https://conda.anaconda.org/anaconda/linux-64/pluggy-1.0.0-py39h06a4308_1.tar.bz2#849312a6fc71d4a78052e484b4f5fabc
https://conda.anaconda.org/anaconda/linux-64/ply-3.11-py39h06a4308_0.tar.bz2#290fd05d75d8e816a9b0f29e10ea4063
https://conda.anaconda.org/anaconda/noarch/poetry-core-1.0.3-pyhd3eb1b0_0.tar.bz2#111325f12fbea83c3f296e44d3a347a5
https://conda.anaconda.org/anaconda/noarch/poyo-0.5.0-pyhd3eb1b0_0.tar.bz2#2a9c9c4ae4d2637af14f131deb94f3f4
https://conda.anaconda.org/anaconda/noarch/ptyprocess-0.7.0-pyhd3eb1b0_2.tar.bz2#62f3bb16b31fa9498a41fc4ad2b4f43c
https://conda.anaconda.org/anaconda/noarch/py-1.11.0-pyhd3eb1b0_0.tar.bz2#f2d6a6f7d12305e470fd0052f46d2f01
https://conda.anaconda.org/anaconda/noarch/pycparser-2.21-pyhd3eb1b0_0.tar.bz2#e70944ff53d19af4f65073a4f21c7b05
https://conda.anaconda.org/anaconda/noarch/pylev-1.3.0-py_0.tar.bz2#4484d1383bed699db81dda5ec4d3fce2
https://conda.anaconda.org/anaconda/noarch/pyparsing-2.4.7-pyhd3eb1b0_0.tar.bz2#b4511d563c82fbfb8be42afb8814b144
https://conda.anaconda.org/anaconda/linux-64/pysocks-1.7.1-py39h06a4308_0.tar.bz2#c5f3f7f10ad30f0945e75252615ab6e5
https://conda.anaconda.org/conda-forge/linux-64/python_abi-3.9-2_cp39.tar.bz2#39adde4247484de2bb4000122fdcf665
https://conda.anaconda.org/anaconda/linux-64/pytz-2022.1-py39h06a4308_0.tar.bz2#4f78e6b22e43dcc597168917d225a733
https://conda.anaconda.org/anaconda/linux-64/pyyaml-6.0-py39h7f8727e_1.tar.bz2#df73a5d2f6e089d51e71e91935a82c65
https://conda.anaconda.org/anaconda/linux-64/qt-main-5.15.2-h327a75a_7.tar.bz2#3207ce0d1744a6e916c57be6caa64602
https://conda.anaconda.org/anaconda/linux-64/ruamel.yaml.clib-0.2.6-py39h7f8727e_0.tar.bz2#3d402ae0b182259d07f8cd7723bec2e3
https://conda.anaconda.org/anaconda/noarch/shellingham-1.3.1-pyhd3eb1b0_0.tar.bz2#e886a56c70b920713bf85fd5641edb00
https://conda.anaconda.org/anaconda/noarch/six-1.16.0-pyhd3eb1b0_1.tar.bz2#0a3ab834ba49016e183e715bff48a2b6
https://conda.anaconda.org/anaconda/noarch/text-unidecode-1.3-pyhd3eb1b0_0.tar.bz2#c3a181f29d2d7bfd6c02e61d779dbd72
https://conda.anaconda.org/anaconda/noarch/threadpoolctl-2.2.0-pyh0d69192_0.tar.bz2#9047a4e29044b6c760b5d94f62622f4d
https://conda.anaconda.org/anaconda/noarch/toml-0.10.2-pyhd3eb1b0_0.tar.bz2#c879bdd2c6714030b3b0f7aea4e84f0d
https://conda.anaconda.org/anaconda/linux-64/tomli-2.0.1-py39h06a4308_0.tar.bz2#3c925f0e6cbc92a445946470f9d3732e
https://conda.anaconda.org/anaconda/linux-64/tomlkit-0.11.1-py39h06a4308_0.tar.bz2#6afe6236b9fa632dcc150d78cd2f287a
https://conda.anaconda.org/anaconda/linux-64/tornado-6.1-py39h27cfd23_0.tar.bz2#200e86f8d53aeebf4b7dcfc944fd7920
https://conda.anaconda.org/anaconda/linux-64/tqdm-4.64.0-py39h06a4308_0.tar.bz2#d06d129f5aef397b3437e691ad7c8770
https://conda.anaconda.org/anaconda/linux-64/typed-ast-1.4.3-py39h7f8727e_1.tar.bz2#e95b4aa8b4fbac725eb7eb330c427b0f
https://conda.anaconda.org/anaconda/linux-64/typing_extensions-4.3.0-py39h06a4308_0.tar.bz2#259aebda0d152d106e7243bd9fc946af
https://conda.anaconda.org/anaconda/noarch/unidecode-1.2.0-pyhd3eb1b0_0.tar.bz2#44957150ddfc4e799ae38f2b162489ad
https://conda.anaconda.org/anaconda/linux-64/webencodings-0.5.1-py39h06a4308_1.tar.bz2#f8d03a15b974fc7810d9f54ae849fc8e
https://conda.anaconda.org/anaconda/linux-64/zipp-3.8.0-py39h06a4308_0.tar.bz2#215b8728e7dd452f9dde848fabe76c66
https://conda.anaconda.org/anaconda/noarch/binaryornot-0.4.4-pyhd3eb1b0_1.tar.bz2#6676a376307e44c301bec8670a6e426d
https://conda.anaconda.org/conda-forge/noarch/black-22.3.0-pyhd8ed1ab_0.tar.bz2#7ecbfaae9a30b73c1a6e36e4a0debc03
https://conda.anaconda.org/anaconda/linux-64/cffi-1.15.1-py39h74dc2b5_0.tar.bz2#2953f22399cb56381016d7a039d0c5ac
https://conda.anaconda.org/conda-forge/noarch/click-default-group-1.2.2-pyhd8ed1ab_1.tar.bz2#72a46ffc25701c173932fd55cf0965d3
https://conda.anaconda.org/anaconda/noarch/clikit-0.6.2-py_0.tar.bz2#858afc2f5d4b8d0f3166bf77a815cdd4
https://conda.anaconda.org/anaconda/noarch/fonttools-4.25.0-pyhd3eb1b0_0.tar.bz2#9eff1a842dbda8d1bae9a2c008b599bc
https://conda.anaconda.org/anaconda/noarch/html5lib-1.1-pyhd3eb1b0_0.tar.bz2#7a9fa936878258757f23ffe4b2e8ecf7
https://conda.anaconda.org/anaconda/linux-64/importlib-metadata-4.11.3-py39h06a4308_0.tar.bz2#17cf1debff15f60c0cf86ae275e33880
https://conda.anaconda.org/anaconda/noarch/jinja2-3.0.3-pyhd3eb1b0_0.tar.bz2#09efcfa7616c77fa7ab03c694f318c46
https://conda.anaconda.org/anaconda/linux-64/numpy-base-1.22.3-py39hb8be1f0_0.tar.bz2#5f9462a3b249fc323be190ca7d3ac278
https://conda.anaconda.org/anaconda/noarch/packaging-20.9-pyhd3eb1b0_0.tar.bz2#bad6da0fa4ef549f2d3e7edae7aff7b5
https://conda.anaconda.org/anaconda/noarch/pexpect-4.8.0-pyhd3eb1b0_3.tar.bz2#5122a68ef2c53409eda11f07f1c3d7c7
https://conda.anaconda.org/anaconda/linux-64/pyrsistent-0.14.11-py39h27cfd23_0.tar.bz2#7ad07e69ca135c27bedebbaf303a0ea4
https://conda.anaconda.org/anaconda/noarch/python-dateutil-2.8.2-pyhd3eb1b0_0.tar.bz2#2eb923cc014094f4acf7f849d67d73f8
https://conda.anaconda.org/anaconda/noarch/python-slugify-5.0.2-pyhd3eb1b0_0.tar.bz2#bddb95fd77916bc986908719abfb41de
https://conda.anaconda.org/anaconda/linux-64/qt-webengine-5.15.9-hd2b0992_4.tar.bz2#5726d711d573a0051b5fd8d73faa555c
https://conda.anaconda.org/anaconda/linux-64/setuptools-61.2.0-py39h06a4308_0.tar.bz2#244bd0a6260239cebf4d1fbcc8ec82b1
https://conda.anaconda.org/anaconda/linux-64/typing-extensions-4.3.0-py39h06a4308_0.tar.bz2#dfb50d579a0a9d64694fa8fc9ad29a8a
https://conda.anaconda.org/anaconda/linux-64/virtualenv-20.4.6-py39h06a4308_1.tar.bz2#f4a95e9b356538eb523bfb99a1bfacbf
https://conda.anaconda.org/anaconda/noarch/arrow-1.2.2-pyhd3eb1b0_0.tar.bz2#68ab081fc1e71466932dc96b9bba365a
https://conda.anaconda.org/anaconda/linux-64/brotlipy-0.7.0-py39h27cfd23_1003.tar.bz2#c203ffc7bbba991c7089d4b383cfd92c
https://conda.anaconda.org/anaconda/noarch/cleo-0.8.1-pyhd3eb1b0_1.tar.bz2#ab37a88852b0838aa2f70df97d05b6d2
https://conda.anaconda.org/anaconda/linux-64/cryptography-37.0.1-py39h9ce1e76_0.tar.bz2#397a6116acd47e93e25c187344293550
https://conda.anaconda.org/anaconda/noarch/importlib_metadata-4.11.3-hd3eb1b0_0.tar.bz2#827983ac8b3f0c85c474326141c4e8ab
https://conda.anaconda.org/conda-forge/noarch/nodeenv-1.7.0-pyhd8ed1ab_0.tar.bz2#fbe1182f650c04513046d6894046cd6c
https://conda.anaconda.org/anaconda/linux-64/numpy-1.22.3-py39h7a5d4dd_0.tar.bz2#aa7e177896452aa791ac35cb17309c85
https://conda.anaconda.org/anaconda/linux-64/pydantic-1.9.0-py39h7f8727e_1.tar.bz2#43e6bdb9064567c8134a9bce7faf9c4b
https://conda.anaconda.org/anaconda/linux-64/pytest-7.1.2-py39h06a4308_0.tar.bz2#b19707e24055e4b0e1db8af9e1381568
https://conda.anaconda.org/anaconda/linux-64/qtwebkit-5.212-h4eab89a_4.tar.bz2#c47c9a2e1d2525b9cc25dcf80c889b82
https://conda.anaconda.org/anaconda/linux-64/ruamel.yaml-0.16.12-py39h27cfd23_1.tar.bz2#00360c3b184e72e8a9c2b9482e75b65e
https://conda.anaconda.org/anaconda/linux-64/sip-6.6.2-py39h6a678d5_0.tar.bz2#bb02a522e08b9e34d020579b4d36e56c
https://conda.anaconda.org/conda-forge/linux-64/ukkonen-1.0.1-py39hf939315_2.tar.bz2#5a3bb9dc2fe08a4a6f2b61548a1431d6
https://conda.anaconda.org/anaconda/linux-64/bottleneck-1.3.5-py39h7deecbd_0.tar.bz2#14dc3c2e8eb68b1111a08de9a3ce8a00
https://conda.anaconda.org/conda-forge/noarch/identify-2.5.3-pyhd8ed1ab_0.tar.bz2#682f05a8e4b047ce4bdcec9d69c12551
https://conda.anaconda.org/anaconda/noarch/jinja2-time-0.2.0-pyhd3eb1b0_3.tar.bz2#93dbe6e9c7837b2ab11feca97a31a3e2
https://conda.anaconda.org/anaconda/noarch/jsonschema-3.2.0-pyhd3eb1b0_2.tar.bz2#5f3ce1200ed75325671e886810697ae3
https://conda.anaconda.org/anaconda/linux-64/matplotlib-base-3.5.1-py39ha18d171_1.tar.bz2#b0b6b57c140f026b8806051107336576
https://conda.anaconda.org/anaconda/linux-64/numexpr-2.8.1-py39hecfb737_0.tar.bz2#6f3e22d3bd56b48132ed87bdf834afc8
https://conda.anaconda.org/anaconda/noarch/pyopenssl-22.0.0-pyhd3eb1b0_0.tar.bz2#24300c22dced4609b77f3ace93b5beeb
https://conda.anaconda.org/anaconda/linux-64/pyqt5-sip-12.11.0-py39h6a678d5_1.tar.bz2#a08853d6949beecfacc19147255d8ee5
https://conda.anaconda.org/anaconda/linux-64/scipy-1.5.2-py39hf56f3a7_0.tar.bz2#0decbab5315017f96bff973cf5ba49fb
https://conda.anaconda.org/anaconda/linux-64/secretstorage-3.3.1-py39h06a4308_0.tar.bz2#edb6977d41a47f93bdeedb387dc5f05c
https://conda.anaconda.org/anaconda/linux-64/keyring-21.2.1-py39h06a4308_0.tar.bz2#e1c5a1e3f6af977bd5888ee430154749
https://conda.anaconda.org/anaconda/linux-64/pandas-1.4.3-py39h6a678d5_0.tar.bz2#1bd58a0c08f2e66684eccb3eab870226
https://conda.anaconda.org/conda-forge/linux-64/pre-commit-2.20.0-py39hf3d152e_0.tar.bz2#314c8cb1538706f62ec36cf64370f2b2
https://conda.anaconda.org/conda-forge/noarch/pydoe2-1.3.0-py_0.tar.bz2#aaf48723eae43ebf7f119a27b4f6928c
https://conda.anaconda.org/anaconda/linux-64/pyqt-5.15.7-py39h6a678d5_1.tar.bz2#1511da4d867811944791a4b31c599677
https://conda.anaconda.org/anaconda/linux-64/scikit-learn-1.1.1-py39h6a678d5_0.tar.bz2#22e07b6e200a129f1cfc75758e3fb164
https://conda.anaconda.org/anaconda/linux-64/urllib3-1.26.11-py39h06a4308_0.tar.bz2#3763a6d835897d9817ebc9a9e3d29631
https://conda.anaconda.org/anaconda/linux-64/matplotlib-3.5.1-py39h06a4308_1.tar.bz2#364c1e3dddefa27741e540496c38b694
https://conda.anaconda.org/conda-forge/noarch/pre_commit-2.20.0-hd8ed1ab_0.tar.bz2#a13b20be8b761a96c7c737d0fba71d71
https://conda.anaconda.org/anaconda/linux-64/requests-2.28.1-py39h06a4308_0.tar.bz2#022a67a9547db5fdfa024f8bf69ab2ad
https://conda.anaconda.org/conda-forge/linux-64/smt-1.3.0-py39h1832856_0.tar.bz2#fa09fba9cd88b2661e2d51643883c183
https://conda.anaconda.org/anaconda/noarch/cachecontrol-0.12.6-pyhd3eb1b0_0.tar.bz2#e36a9e71750412b2fcc045ff97953585
https://conda.anaconda.org/anaconda/noarch/cookiecutter-1.7.3-pyhd3eb1b0_0.tar.bz2#9bf7e2f85471782fbfeffb1b7b30e1f1
https://conda.anaconda.org/conda-forge/noarch/ensureconda-1.4.3-pyhd8ed1ab_0.tar.bz2#c99ae3abf501990769047b4b40a98f17
https://conda.anaconda.org/anaconda/noarch/requests-toolbelt-0.9.1-pyhd3eb1b0_0.tar.bz2#0f4ac1dfc7699331821b3a6545d5fa13
https://conda.anaconda.org/anaconda/noarch/seaborn-0.11.2-pyhd3eb1b0_0.tar.bz2#99b93a1d863348badf23f6c9059a1d5b
https://conda.anaconda.org/conda-forge/noarch/mesa-1.0.0-pyhd8ed1ab_0.tar.bz2#b600cb922b24542232994d4ee38870ff
https://conda.anaconda.org/anaconda/linux-64/poetry-1.1.6-py39h06a4308_0.tar.bz2#716aecc95135c047d84c423fb03bbeb9
https://conda.anaconda.org/conda-forge/noarch/conda-lock-1.1.1-pyhd8ed1ab_0.tar.bz2#2d1c6d733a45b168eef7acc6212109ed
