# Generated by conda-lock.
# platform: osx-64
# input_hash: 7ff560c6e0196079a8922c942fb2cb6e18d5c13dc6301fd874038b666bc94d5d
@EXPLICIT
https://conda.anaconda.org/anaconda/osx-64/ca-certificates-2022.4.26-hecd8cb5_0.tar.bz2#83d50d8307dc9518dbc938c552e098c5
https://conda.anaconda.org/anaconda/osx-64/giflib-5.2.1-haf1e3a3_0.tar.bz2#f7566353480520d8664525672d680538
https://conda.anaconda.org/anaconda/osx-64/jpeg-9e-hca72f7f_0.tar.bz2#60dd44b4f8b09370ebd52eca5b72a6c7
https://conda.anaconda.org/conda-forge/osx-64/libcxx-14.0.6-hce7ea42_0.tar.bz2#ac504a8074ae8add8b837a93d7bc33ca
https://conda.anaconda.org/anaconda/osx-64/libgfortran-3.0.1-h93005f0_2.tar.bz2#e3a6e2b1a232418bbac9c47866273bdd
https://conda.anaconda.org/anaconda/osx-64/libwebp-base-1.2.2-hca72f7f_0.tar.bz2#bf6f57d348067953b8a6093039b765b7
https://conda.anaconda.org/anaconda/osx-64/llvm-openmp-12.0.0-h0dcd299_1.tar.bz2#a9400a4d03050928cd886069b7b31f4c
https://conda.anaconda.org/anaconda/osx-64/ncurses-6.3-hca72f7f_2.tar.bz2#fd80099408fe4e163dc9d2a619e9f05c
https://conda.anaconda.org/anaconda/noarch/tzdata-2022a-hda174b7_0.tar.bz2#a99750e9650510d276b56d2b000f4569
https://conda.anaconda.org/anaconda/osx-64/xz-5.2.5-hca72f7f_1.tar.bz2#93e0326afd04cd186c1c504186084e70
https://conda.anaconda.org/anaconda/osx-64/yaml-0.2.5-haf1e3a3_0.tar.bz2#cbfabc8518e50cc4726b86d1d8b6400a
https://conda.anaconda.org/anaconda/osx-64/zlib-1.2.12-h4dc903c_2.tar.bz2#c229f9e277891bb5d8c41082523cb64d
https://conda.anaconda.org/anaconda/osx-64/brotli-1.0.9-hb1e8313_2.tar.bz2#2a310a7f0f0337a3953900be08438b06
https://conda.anaconda.org/anaconda/osx-64/libffi-3.3-hb1e8313_2.tar.bz2#0d866b17cc3b70288c14478faed26db7
https://conda.anaconda.org/anaconda/osx-64/libopenblas-0.3.6-hdc02c5d_2.tar.bz2#7668a82a5d867d0d2d2310d2d906f818
https://conda.anaconda.org/anaconda/osx-64/libpng-1.6.37-ha441bb4_0.tar.bz2#256b1d19857d350dc549c64d6857c9a9
https://conda.anaconda.org/anaconda/osx-64/lz4-c-1.9.3-h23ab428_1.tar.bz2#8ddb19388a0a9a6b9860d9dc495b5049
https://conda.anaconda.org/anaconda/osx-64/openssl-1.1.1o-hca72f7f_0.tar.bz2#b27b065d6bfcc95d7020a9c33fa131b6
https://conda.anaconda.org/anaconda/osx-64/readline-8.1.2-hca72f7f_1.tar.bz2#59c80f25f83042f591ba630c1a52ca68
https://conda.anaconda.org/anaconda/osx-64/tk-8.6.12-h5d9f67b_0.tar.bz2#d5b05e38d3bc8fe6d9bcdd91029db1c7
https://conda.anaconda.org/anaconda/osx-64/freetype-2.11.0-hd8bbffd_0.tar.bz2#161a798f97f48e75b94e831cdf75fc41
https://conda.anaconda.org/conda-forge/osx-64/libblas-3.8.0-11_openblas.tar.bz2#6ff96e030b1f00b4070af7678b65d663
https://conda.anaconda.org/anaconda/osx-64/sqlite-3.38.5-h707629a_0.tar.bz2#43975beb7e2924ecdc9bc04225a064f5
https://conda.anaconda.org/anaconda/osx-64/zstd-1.5.2-hcb37349_0.tar.bz2#0cf0e49baee6e0bc5c90983826cb22d4
https://conda.anaconda.org/conda-forge/osx-64/libcblas-3.8.0-11_openblas.tar.bz2#d843c3557ad831a36feb9ce8400acbf5
https://conda.anaconda.org/conda-forge/osx-64/liblapack-3.8.0-11_openblas.tar.bz2#4834a0ad67b3381efe0945db33f391b1
https://conda.anaconda.org/anaconda/osx-64/libtiff-4.2.0-hdb42f99_1.tar.bz2#ff802576035df684dc4155df10acfc95
https://conda.anaconda.org/anaconda/osx-64/python-3.9.12-hdfd78df_1.tar.bz2#a4f0a750e9a268d179b45057bf12a47a
https://conda.anaconda.org/anaconda/noarch/appdirs-1.4.4-pyhd3eb1b0_0.tar.bz2#a1914956aa26b608c4f2d17edadca061
https://conda.anaconda.org/anaconda/noarch/attrs-21.4.0-pyhd3eb1b0_0.tar.bz2#718e897afa9f595cfe33461c0685d4da
https://conda.anaconda.org/anaconda/noarch/cachy-0.3.0-pyhd3eb1b0_0.tar.bz2#3c69c7baa48325ff2f623d16bf197c9e
https://conda.anaconda.org/anaconda/osx-64/certifi-2022.6.15-py39hecd8cb5_0.tar.bz2#f9fef6c73823920f42b9cad0b4ba42bc
https://conda.anaconda.org/conda-forge/noarch/cfgv-3.3.1-pyhd8ed1ab_0.tar.bz2#ebb5f5f7dc4f1a3780ef7ea7738db08c
https://conda.anaconda.org/anaconda/osx-64/chardet-4.0.0-py39hecd8cb5_1003.tar.bz2#72dd8d33bfd2170001fe6a23ac2e168a
https://conda.anaconda.org/anaconda/noarch/charset-normalizer-2.0.4-pyhd3eb1b0_0.tar.bz2#544adf2677c47c9b9c891aea720678f1
https://conda.anaconda.org/anaconda/osx-64/click-8.0.4-py39hecd8cb5_0.tar.bz2#9cd61199d5404f900e2366ed5a58e15a
https://conda.anaconda.org/anaconda/noarch/crashtest-0.3.1-py_0.tar.bz2#60ebeef673edc8cdfa7c99e5f9fd7baa
https://conda.anaconda.org/anaconda/noarch/cycler-0.11.0-pyhd3eb1b0_0.tar.bz2#dfb0ca8055c9a72aaca7b845a6edea17
https://conda.anaconda.org/anaconda/noarch/dataclasses-0.8-pyh6d0b6a4_7.tar.bz2#c8c177c84b3e5e6145156045660868e9
https://conda.anaconda.org/anaconda/noarch/distlib-0.3.2-pyhd3eb1b0_0.tar.bz2#048c9b2ed056cf5227d770c54577dd0e
https://conda.anaconda.org/anaconda/noarch/filelock-3.6.0-pyhd3eb1b0_0.tar.bz2#e7beebeb55f9b9636f2d29d3ac190694
https://conda.anaconda.org/anaconda/noarch/idna-3.3-pyhd3eb1b0_0.tar.bz2#f2d821eedf78bfe0e9f1d8faf9c8b23e
https://conda.anaconda.org/anaconda/noarch/iniconfig-1.1.1-pyhd3eb1b0_0.tar.bz2#e40edff2c5708f342cef43c7f280c507
https://conda.anaconda.org/anaconda/noarch/joblib-1.1.0-pyhd3eb1b0_0.tar.bz2#b4300546d6016d14b6c1b2e26ef37d85
https://conda.anaconda.org/anaconda/osx-64/kiwisolver-1.4.2-py39he9d5cce_0.tar.bz2#b24587e821bb9baa4c2d6d8c3e568a3e
https://conda.anaconda.org/anaconda/osx-64/lcms2-2.12-hf1fd2bf_0.tar.bz2#819762fdace9397c0e14a9ed2dcdb829
https://conda.anaconda.org/conda-forge/osx-64/liblapacke-3.8.0-11_openblas.tar.bz2#693ac0970fef5fc37eabcc1fa7d18c5b
https://conda.anaconda.org/anaconda/osx-64/libwebp-1.2.2-h56c3ce4_0.tar.bz2#e5a5ff19677d4dc490d54ae33b99ff31
https://conda.anaconda.org/anaconda/osx-64/lockfile-0.12.2-py39hecd8cb5_0.tar.bz2#4f00c99cf628547ceb0c9090a3e57988
https://conda.anaconda.org/anaconda/osx-64/markupsafe-2.1.1-py39hca72f7f_0.tar.bz2#3681ebf029211ceab26af6f5d35abf39
https://conda.anaconda.org/anaconda/osx-64/msgpack-python-1.0.3-py39haf03e11_0.tar.bz2#d184127ffc4131fdef14724d5f480c99
https://conda.anaconda.org/anaconda/noarch/munkres-1.1.4-py_0.tar.bz2#67857cc5e9044770d2b15f9d94a4521d
https://conda.anaconda.org/anaconda/osx-64/mypy_extensions-0.4.3-py39hecd8cb5_1.tar.bz2#90d6a538bac7eee8a63b436d5c334384
https://conda.anaconda.org/anaconda/noarch/networkx-2.7.1-pyhd3eb1b0_0.tar.bz2#960f7ae0970df7ff0ce2643e799f263c
https://conda.anaconda.org/anaconda/noarch/pastel-0.2.1-py_0.tar.bz2#defbad7a296c7e13f8c59a844ee0711c
https://conda.anaconda.org/conda-forge/noarch/pathspec-0.9.0-pyhd8ed1ab_0.tar.bz2#f93dc0ccbc0a8472624165f6e256c7d1
https://conda.anaconda.org/anaconda/noarch/pkginfo-1.8.2-pyhd3eb1b0_0.tar.bz2#a7b9917c3ebf68eb74a40f34670f81ee
https://conda.anaconda.org/anaconda/noarch/platformdirs-2.4.0-pyhd3eb1b0_0.tar.bz2#9d6e9750792dd567c6561bf2dfa4cf90
https://conda.anaconda.org/anaconda/osx-64/pluggy-1.0.0-py39hecd8cb5_1.tar.bz2#57b22d9deb5b87956812b1c8bed3ce23
https://conda.anaconda.org/anaconda/noarch/poetry-core-1.0.3-pyhd3eb1b0_0.tar.bz2#111325f12fbea83c3f296e44d3a347a5
https://conda.anaconda.org/anaconda/noarch/poyo-0.5.0-pyhd3eb1b0_0.tar.bz2#2a9c9c4ae4d2637af14f131deb94f3f4
https://conda.anaconda.org/anaconda/noarch/ptyprocess-0.7.0-pyhd3eb1b0_2.tar.bz2#62f3bb16b31fa9498a41fc4ad2b4f43c
https://conda.anaconda.org/anaconda/noarch/py-1.11.0-pyhd3eb1b0_0.tar.bz2#f2d6a6f7d12305e470fd0052f46d2f01
https://conda.anaconda.org/anaconda/noarch/pycparser-2.21-pyhd3eb1b0_0.tar.bz2#e70944ff53d19af4f65073a4f21c7b05
https://conda.anaconda.org/anaconda/noarch/pylev-1.3.0-py_0.tar.bz2#4484d1383bed699db81dda5ec4d3fce2
https://conda.anaconda.org/anaconda/noarch/pyparsing-2.4.7-pyhd3eb1b0_0.tar.bz2#b4511d563c82fbfb8be42afb8814b144
https://conda.anaconda.org/anaconda/osx-64/pyrsistent-0.18.0-py39hca72f7f_0.tar.bz2#707110d1b49cb1864acb0bbaa103591e
https://conda.anaconda.org/anaconda/osx-64/pysocks-1.7.1-py39hecd8cb5_0.tar.bz2#113a443b9c706f9f9c6187c0eaa3de27
https://conda.anaconda.org/conda-forge/osx-64/python_abi-3.9-2_cp39.tar.bz2#262f557ee8ca777fe2190956038024cd
https://conda.anaconda.org/anaconda/osx-64/pytz-2022.1-py39hecd8cb5_0.tar.bz2#a2bbef1b1076826f7c9d3c457da6899c
https://conda.anaconda.org/anaconda/osx-64/pyyaml-6.0-py39hca72f7f_1.tar.bz2#b9c716bd3220c626cecf8426f4760ffd
https://conda.anaconda.org/anaconda/osx-64/ruamel.yaml.clib-0.2.6-py39hca72f7f_0.tar.bz2#1c843886b427eb0491c0b5436909ef30
https://conda.anaconda.org/anaconda/noarch/shellingham-1.3.1-pyhd3eb1b0_0.tar.bz2#e886a56c70b920713bf85fd5641edb00
https://conda.anaconda.org/anaconda/noarch/six-1.16.0-pyhd3eb1b0_1.tar.bz2#0a3ab834ba49016e183e715bff48a2b6
https://conda.anaconda.org/anaconda/noarch/text-unidecode-1.3-pyhd3eb1b0_0.tar.bz2#c3a181f29d2d7bfd6c02e61d779dbd72
https://conda.anaconda.org/anaconda/noarch/threadpoolctl-2.2.0-pyh0d69192_0.tar.bz2#9047a4e29044b6c760b5d94f62622f4d
https://conda.anaconda.org/anaconda/noarch/toml-0.10.2-pyhd3eb1b0_0.tar.bz2#c879bdd2c6714030b3b0f7aea4e84f0d
https://conda.anaconda.org/anaconda/noarch/tomli-1.2.2-pyhd3eb1b0_0.tar.bz2#f2b6366714fc11ff22e3284cdba18886
https://conda.anaconda.org/anaconda/noarch/tomlkit-0.9.2-pyhd3eb1b0_0.tar.bz2#ca50f6df65a7db9b011740e3811ed244
https://conda.anaconda.org/anaconda/osx-64/tornado-6.1-py39h9ed2024_0.tar.bz2#ddeaaaf3aefbd636f0c46997950bcdca
https://conda.anaconda.org/anaconda/osx-64/tqdm-4.64.0-py39hecd8cb5_0.tar.bz2#d1dd65c7ef61b2b5de0655f5c7be1b04
https://conda.anaconda.org/anaconda/osx-64/typed-ast-1.4.3-py39h9ed2024_1.tar.bz2#f96c3c864ab67bbe30a64543b83216ea
https://conda.anaconda.org/anaconda/noarch/typing_extensions-4.1.1-pyh06a4308_0.tar.bz2#378f11bbd770821ee8589d5616aa99e7
https://conda.anaconda.org/anaconda/noarch/unidecode-1.2.0-pyhd3eb1b0_0.tar.bz2#44957150ddfc4e799ae38f2b162489ad
https://conda.anaconda.org/anaconda/osx-64/webencodings-0.5.1-py39hecd8cb5_1.tar.bz2#41f445e36b6b6722a9444508eef069f8
https://conda.anaconda.org/anaconda/osx-64/zipp-3.8.0-py39hecd8cb5_0.tar.bz2#b582c0d2087797ff5e9f9165ff33861d
https://conda.anaconda.org/anaconda/noarch/binaryornot-0.4.4-pyhd3eb1b0_1.tar.bz2#6676a376307e44c301bec8670a6e426d
https://conda.anaconda.org/conda-forge/noarch/black-22.3.0-pyhd8ed1ab_0.tar.bz2#7ecbfaae9a30b73c1a6e36e4a0debc03
https://conda.anaconda.org/conda-forge/osx-64/blas-2.11-openblas.tar.bz2#c27edacbdada8f28eb1aed864cc1e39a
https://conda.anaconda.org/anaconda/osx-64/cffi-1.15.0-py39hc55c11b_1.tar.bz2#c6b6c72700658947f5ab20d7917054e4
https://conda.anaconda.org/conda-forge/noarch/click-default-group-1.2.2-pyhd8ed1ab_1.tar.bz2#72a46ffc25701c173932fd55cf0965d3
https://conda.anaconda.org/anaconda/noarch/clikit-0.6.2-py_0.tar.bz2#858afc2f5d4b8d0f3166bf77a815cdd4
https://conda.anaconda.org/anaconda/noarch/fonttools-4.25.0-pyhd3eb1b0_0.tar.bz2#9eff1a842dbda8d1bae9a2c008b599bc
https://conda.anaconda.org/anaconda/noarch/html5lib-1.1-pyhd3eb1b0_0.tar.bz2#7a9fa936878258757f23ffe4b2e8ecf7
https://conda.anaconda.org/anaconda/osx-64/importlib-metadata-4.11.3-py39hecd8cb5_0.tar.bz2#8edc6ef60a84dbc8abe7fd72b78c07b8
https://conda.anaconda.org/anaconda/noarch/jinja2-3.0.3-pyhd3eb1b0_0.tar.bz2#09efcfa7616c77fa7ab03c694f318c46
https://conda.anaconda.org/anaconda/noarch/packaging-20.9-pyhd3eb1b0_0.tar.bz2#bad6da0fa4ef549f2d3e7edae7aff7b5
https://conda.anaconda.org/anaconda/noarch/pexpect-4.8.0-pyhd3eb1b0_3.tar.bz2#5122a68ef2c53409eda11f07f1c3d7c7
https://conda.anaconda.org/anaconda/osx-64/pillow-9.0.1-py39hde71d04_0.tar.bz2#135644e75f1a8891b79cdb8ee6276792
https://conda.anaconda.org/anaconda/noarch/python-dateutil-2.8.2-pyhd3eb1b0_0.tar.bz2#2eb923cc014094f4acf7f849d67d73f8
https://conda.anaconda.org/anaconda/noarch/python-slugify-5.0.2-pyhd3eb1b0_0.tar.bz2#bddb95fd77916bc986908719abfb41de
https://conda.anaconda.org/anaconda/osx-64/setuptools-61.2.0-py39hecd8cb5_0.tar.bz2#4e17668f2e6bf1649b85695c3814f9d2
https://conda.anaconda.org/anaconda/noarch/typing-extensions-4.1.1-hd3eb1b0_0.tar.bz2#3a523cbd2605bb714101d7eda734c40b
https://conda.anaconda.org/anaconda/osx-64/virtualenv-20.4.6-py39hecd8cb5_1.tar.bz2#665cc922bdf5db2668a99f024efe7b76
https://conda.anaconda.org/anaconda/noarch/arrow-1.2.2-pyhd3eb1b0_0.tar.bz2#68ab081fc1e71466932dc96b9bba365a
https://conda.anaconda.org/anaconda/osx-64/brotlipy-0.7.0-py39h9ed2024_1003.tar.bz2#ca2e4f5e0530e1b179958bb1b7116016
https://conda.anaconda.org/anaconda/noarch/cleo-0.8.1-pyhd3eb1b0_1.tar.bz2#ab37a88852b0838aa2f70df97d05b6d2
https://conda.anaconda.org/anaconda/osx-64/cryptography-37.0.1-py39hf6deb26_0.tar.bz2#3752c534d9286123fde24f811f0a1bb1
https://conda.anaconda.org/anaconda/noarch/importlib_metadata-4.11.3-hd3eb1b0_0.tar.bz2#827983ac8b3f0c85c474326141c4e8ab
https://conda.anaconda.org/conda-forge/noarch/nodeenv-1.7.0-pyhd8ed1ab_0.tar.bz2#fbe1182f650c04513046d6894046cd6c
https://conda.anaconda.org/anaconda/osx-64/numpy-base-1.22.3-py39he782bc1_0.tar.bz2#2832f1a0b70ea321ab1d2f70982a8b56
https://conda.anaconda.org/anaconda/osx-64/pydantic-1.9.0-py39hca72f7f_1.tar.bz2#688d8fdf742e08d2b7626de82087e853
https://conda.anaconda.org/anaconda/osx-64/pytest-7.1.2-py39hecd8cb5_0.tar.bz2#f96696cdea58ab07709f77bff0b4dd32
https://conda.anaconda.org/anaconda/osx-64/ruamel.yaml-0.16.12-py39h9ed2024_1.tar.bz2#39ccec60947910749ef3a751953d6a43
https://conda.anaconda.org/conda-forge/osx-64/ukkonen-1.0.1-py39h7248d28_2.tar.bz2#67656bdd0c9bc9350e932ab89eb37a67
https://conda.anaconda.org/conda-forge/noarch/identify-2.5.3-pyhd8ed1ab_0.tar.bz2#682f05a8e4b047ce4bdcec9d69c12551
https://conda.anaconda.org/anaconda/noarch/jinja2-time-0.2.0-pyhd3eb1b0_3.tar.bz2#93dbe6e9c7837b2ab11feca97a31a3e2
https://conda.anaconda.org/anaconda/noarch/jsonschema-3.2.0-pyhd3eb1b0_2.tar.bz2#5f3ce1200ed75325671e886810697ae3
https://conda.anaconda.org/anaconda/osx-64/keyring-23.4.0-py39hecd8cb5_0.tar.bz2#31065ff91cecf9cd700bf3f26c7dd672
https://conda.anaconda.org/anaconda/osx-64/numpy-1.22.3-py39h9c3cb84_0.tar.bz2#b6b1a664e13b40d0a5c437cb3892a14d
https://conda.anaconda.org/anaconda/noarch/pyopenssl-22.0.0-pyhd3eb1b0_0.tar.bz2#24300c22dced4609b77f3ace93b5beeb
https://conda.anaconda.org/anaconda/osx-64/bottleneck-1.3.4-py39h67323c0_0.tar.bz2#3ffcfe779f51dc022072b58eb8144c95
https://conda.anaconda.org/anaconda/osx-64/matplotlib-base-3.5.1-py39hfb0c5b7_1.tar.bz2#30e9868ca845421445b26e8546d2d8f9
https://conda.anaconda.org/anaconda/osx-64/numexpr-2.8.1-py39h9c3cb84_0.tar.bz2#fed724571b7ba0fbce27f8755be640d0
https://conda.anaconda.org/conda-forge/osx-64/pre-commit-2.20.0-py39h6e9494a_0.tar.bz2#169a13c483af675b113f14847cd01353
https://conda.anaconda.org/anaconda/osx-64/scipy-1.5.2-py39h4420a3a_0.tar.bz2#af2820aba5d2b1a4b218bcab043fd383
https://conda.anaconda.org/anaconda/osx-64/urllib3-1.26.9-py39hecd8cb5_0.tar.bz2#6fc143d75da16f96f4697b1382e361f8
https://conda.anaconda.org/anaconda/osx-64/matplotlib-3.5.1-py39hecd8cb5_1.tar.bz2#45e3ec08cea3fba9240ddfede67c2a66
https://conda.anaconda.org/anaconda/osx-64/pandas-1.4.2-py39he9d5cce_0.tar.bz2#9958c1add65f9f0d79fb27ac735b358a
https://conda.anaconda.org/conda-forge/noarch/pre_commit-2.20.0-hd8ed1ab_0.tar.bz2#a13b20be8b761a96c7c737d0fba71d71
https://conda.anaconda.org/conda-forge/noarch/pydoe2-1.3.0-py_0.tar.bz2#aaf48723eae43ebf7f119a27b4f6928c
https://conda.anaconda.org/anaconda/noarch/requests-2.27.1-pyhd3eb1b0_0.tar.bz2#e12c0ec83a159d54d75821bf91a323fd
https://conda.anaconda.org/anaconda/osx-64/scikit-learn-1.0.2-py39hae1ba45_1.tar.bz2#21e0847a91270242ff3da9544cea92b8
https://conda.anaconda.org/anaconda/noarch/cachecontrol-0.12.6-pyhd3eb1b0_0.tar.bz2#e36a9e71750412b2fcc045ff97953585
https://conda.anaconda.org/anaconda/noarch/cookiecutter-1.7.3-pyhd3eb1b0_0.tar.bz2#9bf7e2f85471782fbfeffb1b7b30e1f1
https://conda.anaconda.org/conda-forge/noarch/ensureconda-1.4.3-pyhd8ed1ab_0.tar.bz2#c99ae3abf501990769047b4b40a98f17
https://conda.anaconda.org/anaconda/noarch/requests-toolbelt-0.9.1-pyhd3eb1b0_0.tar.bz2#0f4ac1dfc7699331821b3a6545d5fa13
https://conda.anaconda.org/anaconda/noarch/seaborn-0.11.2-pyhd3eb1b0_0.tar.bz2#99b93a1d863348badf23f6c9059a1d5b
https://conda.anaconda.org/conda-forge/osx-64/smt-1.3.0-py39hca71b8a_0.tar.bz2#8988f1749f4565b302a93685b4fbe1a8
https://conda.anaconda.org/conda-forge/noarch/mesa-1.0.0-pyhd8ed1ab_0.tar.bz2#b600cb922b24542232994d4ee38870ff
https://conda.anaconda.org/anaconda/osx-64/poetry-1.1.7-py39hecd8cb5_0.tar.bz2#3a27f6c488c8739a4a3b100924f589ba
https://conda.anaconda.org/conda-forge/noarch/conda-lock-1.1.1-pyhd8ed1ab_0.tar.bz2#2d1c6d733a45b168eef7acc6212109ed
