# platform: win-64
# env_hash: 02edee6b7b98ef61d6a6030b73a0d27f78d2e831ec71c7393d11ab5f119b0a64
@EXPLICIT
https://conda.anaconda.org/conda-forge/noarch/_r-mutex-1.0.1-anacondar_1.tar.bz2#19f9db5f4f1b7f5ef5f6d67207f25f38
https://conda.anaconda.org/anaconda/win-64/blas-1.0-mkl.tar.bz2#e8aa6b7daaf0925245c148aaeaa0722e
https://conda.anaconda.org/anaconda/win-64/ca-certificates-2020.10.14-0.tar.bz2#409ad31b691de21ffa5a33b1f8f7a1e8
https://conda.anaconda.org/anaconda/win-64/icc_rt-2019.0.0-h0cc432a_1.tar.bz2#ce2949c239b5cd45848a0a7865d30520
https://conda.anaconda.org/anaconda/win-64/intel-openmp-2020.2-254.tar.bz2#13b89340e8948ab5e10a0d9ec4568282
https://conda.anaconda.org/conda-forge/win-64/msys2-conda-epoch-20160418-1.tar.bz2#b0309b72560df66f71a9d5e34a5efdfa
https://conda.anaconda.org/anaconda/win-64/vs2015_runtime-14.16.27012-hf0eaf9b_3.tar.bz2#8a6137e3828367e723c3cca7400e4150
https://conda.anaconda.org/conda-forge/win-64/m2w64-expat-2.1.1-2.tar.bz2#db44fde4e735d626b65cef1c6864d9ee
https://conda.anaconda.org/conda-forge/win-64/m2w64-gmp-6.1.0-2.tar.bz2#53a1c73e1e3d185516d7e3af177596d9
https://conda.anaconda.org/conda-forge/win-64/m2w64-gsl-2.1-2.tar.bz2#10d74053a6ef71d5b241dcb888f26094
https://conda.anaconda.org/conda-forge/win-64/m2w64-libiconv-1.14-6.tar.bz2#e701397b4fc0cf3fae3d93ab16223206
https://conda.anaconda.org/conda-forge/win-64/m2w64-libogg-1.3.2-3.tar.bz2#6625dc2927c059b2d3c534b95dab5f03
https://conda.anaconda.org/conda-forge/win-64/m2w64-libwinpthread-git-5.0.0.4634.697f757-2.tar.bz2#774130a326dee16f1ceb05cc687ee4f0
https://conda.anaconda.org/conda-forge/win-64/m2w64-wineditline-2.101-5.tar.bz2#dbf3928aea2832422342ed7cb43c9cdb
https://conda.anaconda.org/anaconda/win-64/mkl-2019.4-245.tar.bz2#0f897fde2379b1adf2f6df4e79f22276
https://conda.anaconda.org/anaconda/win-64/vc-14.1-h0510ff6_4.tar.bz2#00bfe39f46f67409a376939cd2ab5039
https://conda.anaconda.org/conda-forge/win-64/m2w64-gcc-libs-core-5.3.0-7.tar.bz2#4289d80fb4d272f1f3b56cfe87ac90bd
https://conda.anaconda.org/conda-forge/win-64/m2w64-mpfr-3.1.4-4.tar.bz2#c06ce7a4ec998764e3e3c38f9985bceb
https://conda.anaconda.org/anaconda/win-64/openssl-1.1.1h-he774522_0.tar.bz2#ad620ea3bc9bc30099777b21168cb7a1
https://conda.anaconda.org/anaconda/win-64/yaml-0.1.7-vc14h4cb57cf_1.tar.bz2#163fcb4044d94e04b60d6cb441a1fc22
https://conda.anaconda.org/anaconda/win-64/zlib-1.2.11-vc14h1cdd9ab_1.tar.bz2#4e2394286375c49f880e159a7efae05f
https://conda.anaconda.org/conda-forge/win-64/m2w64-gcc-libgfortran-5.3.0-6.tar.bz2#066552ac6b907ec6d72c0ddab29050dc
https://conda.anaconda.org/anaconda/win-64/sqlite-3.33.0-h2a8f88b_0.tar.bz2#28b3ff713891d0fe1efe48a93440ca21
https://conda.anaconda.org/conda-forge/win-64/m2w64-gcc-libs-5.3.0-7.tar.bz2#fe759119b8b3bfa720b8762c6fdc35de
https://conda.anaconda.org/anaconda/win-64/python-3.7.9-h60c2a47_0.tar.bz2#d51999644d04bda1d29faf04a5a700e1
https://conda.anaconda.org/anaconda/noarch/appdirs-1.4.4-py_0.tar.bz2#1ec0ad340dd2bb6786559565aa9e8a2f
https://conda.anaconda.org/anaconda/noarch/attrs-20.2.0-py_0.tar.bz2#fbac20defeae390f730e200dac29bf82
https://conda.anaconda.org/anaconda/win-64/certifi-2020.6.20-py37_0.tar.bz2#80f5c00d593023b05244273335bc5673
https://conda.anaconda.org/anaconda/win-64/chardet-3.0.4-py37_1003.tar.bz2#2fe25b89d4336144bb2acac913ca963d
https://conda.anaconda.org/anaconda/noarch/click-7.1.2-py_0.tar.bz2#828d28ae2037e05472eb80fdcd41d3c6
https://conda.anaconda.org/anaconda/noarch/decorator-4.4.2-py_0.tar.bz2#4e298eec53d4a26726195d61ae144faf
https://conda.anaconda.org/anaconda/win-64/distlib-0.3.1-py37_0.tar.bz2#9232334f186d0fac9408eec90e629196
https://conda.anaconda.org/anaconda/noarch/filelock-3.0.12-py_0.tar.bz2#e4dc56729eccc8ad5932a332bd1cbf82
https://conda.anaconda.org/anaconda/noarch/idna-2.10-py_0.tar.bz2#4b382d70696184fe9fcb7c75682664dc
https://conda.anaconda.org/conda-forge/win-64/m2w64-bzip2-1.0.6-6.tar.bz2#3ab4872b978c1c0bd97a925374966348
https://conda.anaconda.org/conda-forge/win-64/m2w64-fftw-3.3.4-6.tar.bz2#22b70744e9ca1fb4cf9cc28e31c2fcc9
https://conda.anaconda.org/conda-forge/win-64/m2w64-flac-1.3.1-3.tar.bz2#3a4cb4df0fbf3a71f0aa638945557609
https://conda.anaconda.org/conda-forge/win-64/m2w64-gettext-0.19.7-2.tar.bz2#cf4d7755fdf72b2d92c72f321a847cdd
https://conda.anaconda.org/conda-forge/win-64/m2w64-libjpeg-turbo-1.4.2-3.tar.bz2#c13e6bdf596a6418f1347d8f472739cb
https://conda.anaconda.org/conda-forge/win-64/m2w64-libvorbis-1.3.5-2.tar.bz2#f746dd6b436cabacaf7ef546d252f7e1
https://conda.anaconda.org/msys2/win-64/m2w64-openblas-0.2.19-1.tar.bz2#cff636619a468828475956cbd3d4873b
https://conda.anaconda.org/conda-forge/win-64/m2w64-speexdsp-1.2rc3-3.tar.bz2#5850c91ec7511b27b00d3cd6cc09f0b5
https://conda.anaconda.org/anaconda/win-64/markupsafe-1.1.1-py37hfa6e2cd_1.tar.bz2#db97222c8e25021def9ef2c42cdb53c3
https://conda.anaconda.org/anaconda/win-64/mypy_extensions-0.4.3-py37_0.tar.bz2#fe7fbb223ae6d6474fc9a608df8c4f70
https://conda.anaconda.org/anaconda/noarch/pathspec-0.7.0-py_0.tar.bz2#8e43fac55472913240f0f2154e31836a
https://conda.anaconda.org/conda-forge/noarch/poyo-0.5.0-py_0.tar.bz2#f7e49e76e34d946c607757ad68e6b3f2
https://conda.anaconda.org/anaconda/noarch/pycparser-2.20-py_2.tar.bz2#bc20c885814700fdc0187918f9aff9ac
https://conda.anaconda.org/conda-forge/win-64/python_abi-3.7-1_cp37m.tar.bz2#bb3afff19e4ba0165a5f645aa8704717
https://conda.anaconda.org/anaconda/noarch/pytz-2020.1-py_0.tar.bz2#ed81825324989d8f8f77a4ffd6ad1fdc
https://conda.anaconda.org/anaconda/win-64/pyyaml-5.3.1-py37he774522_0.tar.bz2#2c8c8d3ace87eb8135b38a35daff78e6
https://conda.anaconda.org/anaconda/win-64/regex-2020.10.15-py37he774522_0.tar.bz2#7bebab7dce99397d850917cb6db34396
https://conda.anaconda.org/anaconda/win-64/simplegeneric-0.8.1-py37_2.tar.bz2#83c3c21d9bdeb3a060027efaf6801e93
https://conda.anaconda.org/anaconda/noarch/six-1.15.0-py_0.tar.bz2#0d41d5bff9a456f76f0ef718dc7a573a
https://conda.anaconda.org/anaconda/noarch/text-unidecode-1.3-py_0.tar.bz2#8c069d11b7c488e5236c7db6220c1db4
https://conda.anaconda.org/anaconda/noarch/toml-0.10.1-py_0.tar.bz2#93523ebfee95e873e2dd14e77c692620
https://conda.anaconda.org/anaconda/win-64/tornado-6.0.4-py37he774522_1.tar.bz2#1678507f737bf8e10e13bd1fb5b2cd50
https://conda.anaconda.org/anaconda/noarch/tqdm-4.50.2-py_0.tar.bz2#d7da4bc9cdf1b32934eadbc486a0c57e
https://conda.anaconda.org/anaconda/win-64/typed-ast-1.4.1-py37he774522_0.tar.bz2#58de86a816121951a89fe727a4326770
https://conda.anaconda.org/anaconda/noarch/typing_extensions-3.7.4.3-py_0.tar.bz2#5c8380f176d05a9ef3cc52b02f9c5c2c
https://conda.anaconda.org/anaconda/noarch/unidecode-1.1.1-py_0.tar.bz2#d6fd2a6cd88a4c2e67d94c0021e48bab
https://conda.anaconda.org/conda-forge/noarch/whichcraft-0.6.1-py_0.tar.bz2#08069b1a0dd029c8d5a8a935a7c71917
https://conda.anaconda.org/anaconda/win-64/win_inet_pton-1.1.0-py37_0.tar.bz2#4ec69295c06d6bb5d7735b98ecb393e6
https://conda.anaconda.org/anaconda/win-64/wincertstore-0.2-py37_0.tar.bz2#0418cf653523e6ef0174c259efaa78b4
https://conda.anaconda.org/anaconda/noarch/zipp-3.3.1-py_0.tar.bz2#0866c5c2eacf8d9eb096bb0732f7666d
https://conda.anaconda.org/conda-forge/noarch/binaryornot-0.4.4-py_1.tar.bz2#a556fa60840fcb9dd739d186bfd252f7
https://conda.anaconda.org/anaconda/noarch/black-19.10b0-py_0.tar.bz2#efe4364cd657c3195f26835683a620a9
https://conda.anaconda.org/anaconda/win-64/cffi-1.14.3-py37h7a1dbc1_0.tar.bz2#43605bea56ea41b71a4be409853a8f90
https://conda.anaconda.org/conda-forge/noarch/cfgv-3.2.0-py_0.tar.bz2#4972efcb3e2cbd3954b24a17266be25c
https://conda.anaconda.org/conda-forge/noarch/click-default-group-1.2.1-py_0.tar.bz2#64a66d3d4db54208496c4e2fa822eeee
https://conda.anaconda.org/anaconda/noarch/importlib-metadata-2.0.0-py_1.tar.bz2#6e77b21126e16cd89989c52d37162f59
https://conda.anaconda.org/conda-forge/win-64/m2w64-speex-1.2rc2-3.tar.bz2#f5827079b7562dfe40f67f8813fa2bff
https://conda.anaconda.org/conda-forge/win-64/m2w64-xz-5.2.2-2.tar.bz2#a5663c8daada7806ed83a77cf2ff6f4f
https://conda.anaconda.org/conda-forge/win-64/m2w64-zlib-1.2.8-10.tar.bz2#12b579f376a3215bebab449647d1203f
https://conda.anaconda.org/anaconda/win-64/mkl-service-2.3.0-py37hb782905_0.tar.bz2#f854b386c6919557ad9a31ba6e834ae2
https://conda.anaconda.org/anaconda/win-64/pysocks-1.7.1-py37_1.tar.bz2#833eab00bbf5d9695b541b1ea6df20d7
https://conda.anaconda.org/anaconda/noarch/python-dateutil-2.8.1-py_0.tar.bz2#58a898b1a4a13e8c0cfd0d4b1a999ba9
https://conda.anaconda.org/anaconda/noarch/python-slugify-4.0.1-py_0.tar.bz2#d9cabf88812921d6f9fb5d93e6d15c89
https://conda.anaconda.org/anaconda/win-64/setuptools-50.3.0-py37h9490d1a_1.tar.bz2#04252785a3b3b8e3f4fb932ccff080cf
https://conda.anaconda.org/anaconda/win-64/tzlocal-2.1-py37_0.tar.bz2#8da305db2b64129ab458bb6b7b79516f
https://conda.anaconda.org/anaconda/win-64/arrow-0.16.0-py37_0.tar.bz2#29b1fcc49b23ed9c541afda4a4d4708c
https://conda.anaconda.org/anaconda/win-64/brotlipy-0.7.0-py37he774522_1000.tar.bz2#17aefd8c0790ef8f6d7850bb881a390e
https://conda.anaconda.org/anaconda/win-64/cryptography-3.1.1-py37h7a1dbc1_0.tar.bz2#a7cad89ca9ebb724b8baf2e706752a49
https://conda.anaconda.org/conda-forge/win-64/editdistance-s-1.0.0-py37h8c56517_1.tar.bz2#0753216161f82b18f13ac0197e01e7c8
https://conda.anaconda.org/anaconda/noarch/importlib_metadata-2.0.0-1.tar.bz2#ee86d1893b4f57c3b9e828aac034ac01
https://conda.anaconda.org/anaconda/noarch/jinja2-2.11.2-py_0.tar.bz2#4a4fc89f9879933d7a948221c3db2ba0
https://conda.anaconda.org/conda-forge/win-64/m2w64-libpng-1.6.21-2.tar.bz2#97699ca33d38feb86c7105080e191bb1
https://conda.anaconda.org/conda-forge/win-64/m2w64-libsndfile-1.0.26-2.tar.bz2#081579f2a370699f70f2f1bcad5f8176
https://conda.anaconda.org/conda-forge/win-64/m2w64-libtiff-4.0.6-2.tar.bz2#669112ae52759168b8af135c40318f31
https://conda.anaconda.org/conda-forge/win-64/m2w64-libxml2-2.9.3-3.tar.bz2#3341b55d46e2347cf832e3c734e0e693
https://conda.anaconda.org/conda-forge/win-64/m2w64-pcre-8.38-2.tar.bz2#18502987998dab9d027fcc3a625bb390
https://conda.anaconda.org/conda-forge/win-64/m2w64-tcl-8.6.5-3.tar.bz2#0b1ac1d18d5c347f1c155065be099776
https://conda.anaconda.org/anaconda/noarch/networkx-2.5-py_0.tar.bz2#c19d5d748d65345fa47a2f094e360663
https://conda.anaconda.org/conda-forge/noarch/nodeenv-1.6.0-pyhd8ed1ab_0.tar.bz2#0941325bf48969e2b3b19d0951740950
https://conda.anaconda.org/anaconda/win-64/numpy-base-1.19.1-py37ha3acd2a_0.tar.bz2#b66d448fd4e06e377b383735a12014a3
https://conda.anaconda.org/anaconda/win-64/virtualenv-20.0.35-py37_0.tar.bz2#074a48960997166891f3f21eac850a4f
https://conda.anaconda.org/conda-forge/noarch/identify-2.2.3-pyhd8ed1ab_0.tar.bz2#bcbb7548505233dfea5ddca2ff403dc6
https://conda.anaconda.org/conda-forge/noarch/jinja2-time-0.2.0-py_2.tar.bz2#6e8d28fac1864c623fd4402168ca4d46
https://conda.anaconda.org/conda-forge/win-64/m2w64-tk-8.6.5-3.tar.bz2#c2d85c85caf655893ea11b92c395b3b6
https://repo.anaconda.com/pkgs/r/win-64/mkl_random-1.0.4-py37h343c172_0.tar.bz2#6cc57abfd73c65279625cece075165bd
https://conda.anaconda.org/anaconda/noarch/pyopenssl-19.1.0-py_1.tar.bz2#eae315d2cf67ea8da0ae585af683b60d
https://conda.anaconda.org/conda-forge/win-64/m2w64-bwidget-1.9.10-2.tar.bz2#a7a80ba7117dfb47f0ae148292e1f536
https://conda.anaconda.org/conda-forge/win-64/m2w64-tktable-2.10-5.tar.bz2#35f1284fc2839897b248f1a751b842e6
https://conda.anaconda.org/conda-forge/win-64/pre-commit-2.12.1-py37h03978a9_0.tar.bz2#a51029b22996434f2e2a154a363f4e7e
https://conda.anaconda.org/anaconda/noarch/urllib3-1.25.11-py_0.tar.bz2#be7e845e2ccdd23fb14e7421336346bf
https://conda.anaconda.org/conda-forge/noarch/pre_commit-2.12.1-hd8ed1ab_0.tar.bz2#d9d771199150fe0b52705f631332aad1
https://repo.anaconda.com/pkgs/r/win-64/r-base-3.6.1-hf18239d_1.tar.bz2#9643d66e8c37a398461f4aa3dc7facf9
https://conda.anaconda.org/anaconda/noarch/requests-2.24.0-py_0.tar.bz2#0da8872d36b3ef33859654b6d0fea148
https://conda.anaconda.org/conda-forge/noarch/cookiecutter-1.7.2-pyh9f0ad1d_0.tar.bz2#9c8c5f26174b5a0d63e9655cf1fd7a2a
https://conda.anaconda.org/conda-forge/noarch/ensureconda-1.4.1-pyhd8ed1ab_0.tar.bz2#52a7f7cc9076e2c8a25e15e19ad42821
https://conda.anaconda.org/conda-forge/win-64/rpy2-3.4.4-py37r36h81a7dd6_0.tar.bz2#2833a7abe26057fd0c46a3b398077078
https://conda.anaconda.org/conda-forge/noarch/conda-lock-0.9.1-pyhd8ed1ab_0.tar.bz2#c918c8071db1665663a46371b0a46620
https://conda.anaconda.org/anaconda/win-64/mkl_fft-1.2.0-py37h45dec08_0.tar.bz2#a0193923cea8310cde5ddf89171c605b
https://conda.anaconda.org/anaconda/win-64/numpy-1.19.1-py37h5510c5b_0.tar.bz2#b1eed52287f624fdfc26e88367ec45ed
https://conda.anaconda.org/anaconda/win-64/pandas-1.1.3-py37ha925a31_0.tar.bz2#0a7b85f5f671925fc26d1af6f4731394
https://conda.anaconda.org/anaconda/win-64/scipy-1.5.2-py37h9439919_0.tar.bz2#56387bdc2b9b260fd3221cf9ed826461
https://conda.anaconda.org/conda-forge/noarch/mesa-0.8.8.1-pyhd8ed1ab_0.tar.bz2#e37ef7a7e69183f3b57900b6bce7e61b
