# Generated by conda-lock.
# platform: win-64
# input_hash: b72fc0dc01ca8fd68733d4df33e4782a48a00e24cb1793144a9b478e5a72ec9b
@EXPLICIT
https://conda.anaconda.org/anaconda/win-64/blas-1.0-mkl.tar.bz2#e8aa6b7daaf0925245c148aaeaa0722e
https://conda.anaconda.org/anaconda/win-64/ca-certificates-2022.4.26-haa95532_0.tar.bz2#fc617188edba43763f388d9a55955492
https://conda.anaconda.org/anaconda/win-64/intel-openmp-2022.0.0-haa95532_3663.tar.bz2#6f5b33709692459398aeddb793ef2e4d
https://conda.anaconda.org/conda-forge/win-64/msys2-conda-epoch-20160418-1.tar.bz2#b0309b72560df66f71a9d5e34a5efdfa
https://conda.anaconda.org/anaconda/win-64/vs2015_runtime-14.27.29016-h5e58377_2.tar.bz2#4daaceb6cfc1af6274509081d8018ef1
https://conda.anaconda.org/conda-forge/win-64/m2w64-gmp-6.1.0-2.tar.bz2#53a1c73e1e3d185516d7e3af177596d9
https://conda.anaconda.org/conda-forge/win-64/m2w64-libwinpthread-git-5.0.0.4634.697f757-2.tar.bz2#774130a326dee16f1ceb05cc687ee4f0
https://conda.anaconda.org/anaconda/win-64/vc-14.2-h21ff451_1.tar.bz2#45ef24c486a484f079faf1dc90e4c7e9
https://conda.anaconda.org/anaconda/win-64/icu-58.2-vc14hc45fdbb_0.tar.bz2#353ead065f614fa86e6a3acb501641c4
https://conda.anaconda.org/anaconda/win-64/jpeg-9b-vc14h4d7706e_1.tar.bz2#d55bd4464e4aafcffae3d8d075038297
https://conda.anaconda.org/conda-forge/win-64/m2w64-gcc-libs-core-5.3.0-7.tar.bz2#4289d80fb4d272f1f3b56cfe87ac90bd
https://conda.anaconda.org/anaconda/win-64/openssl-1.1.1o-h2bbff1b_0.tar.bz2#c8e9d709eab2bf35211a6272bbf0e240
https://conda.anaconda.org/anaconda/win-64/sqlite-3.38.5-h2bbff1b_0.tar.bz2#0d51d4079cb2e45039dd0353c34bcc8f
https://conda.anaconda.org/anaconda/win-64/tbb-2021.5.0-h59b6b97_0.tar.bz2#e93986e8a72dedf0059064f5be4ec7b8
https://conda.anaconda.org/anaconda/win-64/yaml-0.1.7-vc14h4cb57cf_1.tar.bz2#163fcb4044d94e04b60d6cb441a1fc22
https://conda.anaconda.org/anaconda/win-64/zlib-1.2.11-vc14h1cdd9ab_1.tar.bz2#4e2394286375c49f880e159a7efae05f
https://conda.anaconda.org/anaconda/win-64/libpng-1.6.37-h2a8f88b_0.tar.bz2#351328bf2bee7fd7ee7e9c158aeb1be2
https://conda.anaconda.org/conda-forge/win-64/m2w64-gcc-libgfortran-5.3.0-6.tar.bz2#066552ac6b907ec6d72c0ddab29050dc
https://conda.anaconda.org/conda-forge/win-64/mkl-2021.4.0-h0e2418a_729.tar.bz2#42fcb45077a716cb8d967117b8b88f28
https://conda.anaconda.org/anaconda/win-64/python-3.8.13-h6244533_0.tar.bz2#574d13a9fc77ae20bf0657d665e29788
https://conda.anaconda.org/anaconda/noarch/appdirs-1.4.4-pyhd3eb1b0_0.tar.bz2#a1914956aa26b608c4f2d17edadca061
https://conda.anaconda.org/anaconda/noarch/atomicwrites-1.4.0-py_0.tar.bz2#f18900ec287cbe469c262e527bd2358b
https://conda.anaconda.org/anaconda/noarch/attrs-21.4.0-pyhd3eb1b0_0.tar.bz2#718e897afa9f595cfe33461c0685d4da
https://conda.anaconda.org/anaconda/noarch/cachy-0.3.0-pyhd3eb1b0_0.tar.bz2#3c69c7baa48325ff2f623d16bf197c9e
https://conda.anaconda.org/anaconda/win-64/certifi-2022.6.15-py38haa95532_0.tar.bz2#8e10f2511acd75b8c2e553a9c5dd33f3
https://conda.anaconda.org/conda-forge/noarch/cfgv-3.3.1-pyhd8ed1ab_0.tar.bz2#ebb5f5f7dc4f1a3780ef7ea7738db08c
https://conda.anaconda.org/anaconda/win-64/chardet-4.0.0-py38haa95532_1003.tar.bz2#1d140807e7f7eaf23292cdfc61130b16
https://conda.anaconda.org/anaconda/noarch/charset-normalizer-2.0.4-pyhd3eb1b0_0.tar.bz2#544adf2677c47c9b9c891aea720678f1
https://conda.anaconda.org/anaconda/noarch/colorama-0.4.4-pyhd3eb1b0_0.tar.bz2#e1f1311b37041e7a099a7a3c09106a13
https://conda.anaconda.org/anaconda/noarch/crashtest-0.3.1-py_0.tar.bz2#60ebeef673edc8cdfa7c99e5f9fd7baa
https://conda.anaconda.org/anaconda/noarch/cycler-0.11.0-pyhd3eb1b0_0.tar.bz2#dfb0ca8055c9a72aaca7b845a6edea17
https://conda.anaconda.org/anaconda/noarch/dataclasses-0.8-pyh6d0b6a4_7.tar.bz2#c8c177c84b3e5e6145156045660868e9
https://conda.anaconda.org/anaconda/noarch/distlib-0.3.2-pyhd3eb1b0_0.tar.bz2#048c9b2ed056cf5227d770c54577dd0e
https://conda.anaconda.org/anaconda/noarch/filelock-3.6.0-pyhd3eb1b0_0.tar.bz2#e7beebeb55f9b9636f2d29d3ac190694
https://conda.anaconda.org/anaconda/win-64/freetype-2.10.4-hd328e21_0.tar.bz2#32e571900f576a9b6776413b4107f2f7
https://conda.anaconda.org/anaconda/noarch/idna-3.3-pyhd3eb1b0_0.tar.bz2#f2d821eedf78bfe0e9f1d8faf9c8b23e
https://conda.anaconda.org/anaconda/noarch/iniconfig-1.1.1-pyhd3eb1b0_0.tar.bz2#e40edff2c5708f342cef43c7f280c507
https://conda.anaconda.org/anaconda/noarch/joblib-1.1.0-pyhd3eb1b0_0.tar.bz2#b4300546d6016d14b6c1b2e26ef37d85
https://conda.anaconda.org/anaconda/win-64/kiwisolver-1.4.2-py38hd77b12b_0.tar.bz2#7fbdd294a8322c962199ee5a8270e379
https://conda.anaconda.org/conda-forge/win-64/libblas-3.9.0-12_win64_mkl.tar.bz2#96b3e24fd626a2a964c81045da31c7b1
https://conda.anaconda.org/anaconda/win-64/lockfile-0.12.2-py38haa95532_0.tar.bz2#122f1dc21376d6394f1ec634a4664716
https://conda.anaconda.org/conda-forge/win-64/m2w64-gcc-libs-5.3.0-7.tar.bz2#fe759119b8b3bfa720b8762c6fdc35de
https://conda.anaconda.org/anaconda/win-64/markupsafe-2.1.1-py38h2bbff1b_0.tar.bz2#6adacf0a0104340efd14690832c0820b
https://conda.anaconda.org/anaconda/win-64/msgpack-python-1.0.3-py38h59b6b97_0.tar.bz2#22a646f00d2aa14becfb7594dc1efde5
https://conda.anaconda.org/anaconda/win-64/mypy_extensions-0.4.3-py38haa95532_1.tar.bz2#857d7ffe56dc312ce132083373d88f96
https://conda.anaconda.org/anaconda/noarch/networkx-2.7.1-pyhd3eb1b0_0.tar.bz2#960f7ae0970df7ff0ce2643e799f263c
https://conda.anaconda.org/anaconda/noarch/pastel-0.2.1-py_0.tar.bz2#defbad7a296c7e13f8c59a844ee0711c
https://conda.anaconda.org/conda-forge/noarch/pathspec-0.9.0-pyhd8ed1ab_0.tar.bz2#f93dc0ccbc0a8472624165f6e256c7d1
https://conda.anaconda.org/anaconda/noarch/pkginfo-1.8.2-pyhd3eb1b0_0.tar.bz2#a7b9917c3ebf68eb74a40f34670f81ee
https://conda.anaconda.org/anaconda/noarch/platformdirs-2.4.0-pyhd3eb1b0_0.tar.bz2#9d6e9750792dd567c6561bf2dfa4cf90
https://conda.anaconda.org/anaconda/win-64/pluggy-1.0.0-py38haa95532_1.tar.bz2#a43def91aeb98c814884d83f999213d1
https://conda.anaconda.org/anaconda/noarch/poetry-core-1.0.3-pyhd3eb1b0_0.tar.bz2#111325f12fbea83c3f296e44d3a347a5
https://conda.anaconda.org/anaconda/noarch/poyo-0.5.0-pyhd3eb1b0_0.tar.bz2#2a9c9c4ae4d2637af14f131deb94f3f4
https://conda.anaconda.org/anaconda/noarch/ptyprocess-0.7.0-pyhd3eb1b0_2.tar.bz2#62f3bb16b31fa9498a41fc4ad2b4f43c
https://conda.anaconda.org/anaconda/noarch/py-1.11.0-pyhd3eb1b0_0.tar.bz2#f2d6a6f7d12305e470fd0052f46d2f01
https://conda.anaconda.org/anaconda/noarch/pycparser-2.21-pyhd3eb1b0_0.tar.bz2#e70944ff53d19af4f65073a4f21c7b05
https://conda.anaconda.org/anaconda/noarch/pylev-1.3.0-py_0.tar.bz2#4484d1383bed699db81dda5ec4d3fce2
https://conda.anaconda.org/anaconda/noarch/pyparsing-2.4.7-pyhd3eb1b0_0.tar.bz2#b4511d563c82fbfb8be42afb8814b144
https://conda.anaconda.org/anaconda/win-64/pyrsistent-0.18.0-py38h196d8e1_0.tar.bz2#f659bb4f74cbf970f9afb502cc9b399d
https://conda.anaconda.org/conda-forge/win-64/python_abi-3.8-2_cp38.tar.bz2#80b95487563108d4cf92ff6384050751
https://conda.anaconda.org/anaconda/win-64/pytz-2022.1-py38haa95532_0.tar.bz2#deed524a79a33e13c5dd3b9ba933dd77
https://conda.anaconda.org/anaconda/win-64/pywin32-ctypes-0.2.0-py38_1000.tar.bz2#fe33611316d6de0a977cd6bff4c7529b
https://conda.anaconda.org/anaconda/win-64/pyyaml-5.3.1-py38he774522_0.tar.bz2#05bc868b22a6fe75d828eb544fc268e3
https://conda.anaconda.org/anaconda/win-64/qt-5.9.7-vc14h73c81de_0.tar.bz2#2c80f3edd65223da2062f84292c9eac9
https://conda.anaconda.org/anaconda/win-64/ruamel.yaml.clib-0.2.2-py38he774522_0.tar.bz2#28f8db2e5d2835ea7ddbedf423ed2302
https://conda.anaconda.org/anaconda/noarch/shellingham-1.3.1-pyhd3eb1b0_0.tar.bz2#e886a56c70b920713bf85fd5641edb00
https://conda.anaconda.org/anaconda/noarch/six-1.16.0-pyhd3eb1b0_1.tar.bz2#0a3ab834ba49016e183e715bff48a2b6
https://conda.anaconda.org/anaconda/noarch/text-unidecode-1.3-pyhd3eb1b0_0.tar.bz2#c3a181f29d2d7bfd6c02e61d779dbd72
https://conda.anaconda.org/anaconda/noarch/threadpoolctl-2.2.0-pyh0d69192_0.tar.bz2#9047a4e29044b6c760b5d94f62622f4d
https://conda.anaconda.org/anaconda/noarch/toml-0.10.2-pyhd3eb1b0_0.tar.bz2#c879bdd2c6714030b3b0f7aea4e84f0d
https://conda.anaconda.org/anaconda/noarch/tomli-1.2.2-pyhd3eb1b0_0.tar.bz2#f2b6366714fc11ff22e3284cdba18886
https://conda.anaconda.org/anaconda/noarch/tomlkit-0.9.2-pyhd3eb1b0_0.tar.bz2#ca50f6df65a7db9b011740e3811ed244
https://conda.anaconda.org/anaconda/win-64/tornado-6.1-py38h2bbff1b_0.tar.bz2#6b014a944da56444243709b40b1a4523
https://conda.anaconda.org/anaconda/win-64/typed-ast-1.4.3-py38h2bbff1b_1.tar.bz2#d23781dc42505abe2ea430126eeaee8d
https://conda.anaconda.org/anaconda/noarch/typing_extensions-4.1.1-pyh06a4308_0.tar.bz2#378f11bbd770821ee8589d5616aa99e7
https://conda.anaconda.org/anaconda/noarch/unidecode-1.2.0-pyhd3eb1b0_0.tar.bz2#44957150ddfc4e799ae38f2b162489ad
https://conda.anaconda.org/anaconda/win-64/webencodings-0.5.1-py38_1.tar.bz2#492eeefe2b9f3274156a1b37699ea90e
https://conda.anaconda.org/anaconda/win-64/win_inet_pton-1.1.0-py38haa95532_0.tar.bz2#749ad2e1134684ca10f25aa30a35864b
https://conda.anaconda.org/anaconda/win-64/wincertstore-0.2-py38haa95532_2.tar.bz2#0a90a7c2bd2432ab05e3cb1b56e4c11b
https://conda.anaconda.org/anaconda/win-64/zipp-3.8.0-py38haa95532_0.tar.bz2#5940d2ffafe9f3af7c92a8e2c7f3b589
https://conda.anaconda.org/anaconda/noarch/binaryornot-0.4.4-pyhd3eb1b0_1.tar.bz2#6676a376307e44c301bec8670a6e426d
https://conda.anaconda.org/anaconda/win-64/cffi-1.15.0-py38h2bbff1b_1.tar.bz2#242f16ff29d225caf45fc6c84c60ab6f
https://conda.anaconda.org/anaconda/win-64/click-8.0.4-py38haa95532_0.tar.bz2#40ec8f52dfce0155ac27cbc031d26db8
https://conda.anaconda.org/anaconda/noarch/clikit-0.6.2-py_0.tar.bz2#858afc2f5d4b8d0f3166bf77a815cdd4
https://conda.anaconda.org/anaconda/noarch/html5lib-1.1-pyhd3eb1b0_0.tar.bz2#7a9fa936878258757f23ffe4b2e8ecf7
https://conda.anaconda.org/anaconda/win-64/importlib-metadata-4.11.3-py38haa95532_0.tar.bz2#97d3d53504059ed340a057d785faf572
https://conda.anaconda.org/anaconda/noarch/jinja2-3.0.3-pyhd3eb1b0_0.tar.bz2#09efcfa7616c77fa7ab03c694f318c46
https://conda.anaconda.org/conda-forge/win-64/libcblas-3.9.0-12_win64_mkl.tar.bz2#5103ff857d4086ae01f2df8757f31d0b
https://conda.anaconda.org/conda-forge/win-64/liblapack-3.9.0-12_win64_mkl.tar.bz2#e2971c6292cb0daf16bced80b9aa767a
https://conda.anaconda.org/anaconda/win-64/mkl-service-2.4.0-py38h2bbff1b_0.tar.bz2#7e900a7aed40bed5380767b86f2661ee
https://conda.anaconda.org/anaconda/noarch/packaging-20.9-pyhd3eb1b0_0.tar.bz2#bad6da0fa4ef549f2d3e7edae7aff7b5
https://conda.anaconda.org/anaconda/noarch/pexpect-4.8.0-pyhd3eb1b0_3.tar.bz2#5122a68ef2c53409eda11f07f1c3d7c7
https://conda.anaconda.org/anaconda/win-64/pysocks-1.7.1-py38haa95532_0.tar.bz2#ca4e90d9e382f0033230a67499d51239
https://conda.anaconda.org/anaconda/noarch/python-dateutil-2.8.2-pyhd3eb1b0_0.tar.bz2#2eb923cc014094f4acf7f849d67d73f8
https://conda.anaconda.org/anaconda/noarch/python-slugify-5.0.2-pyhd3eb1b0_0.tar.bz2#bddb95fd77916bc986908719abfb41de
https://conda.anaconda.org/anaconda/win-64/setuptools-61.2.0-py38haa95532_0.tar.bz2#315b5b799c99e054a6a1671e5c14e6af
https://conda.anaconda.org/anaconda/win-64/tqdm-4.64.0-py38haa95532_0.tar.bz2#8978aabc60b3331661322c294b0778d8
https://conda.anaconda.org/anaconda/noarch/typing-extensions-4.1.1-hd3eb1b0_0.tar.bz2#3a523cbd2605bb714101d7eda734c40b
https://conda.anaconda.org/anaconda/win-64/virtualenv-20.4.6-py38haa95532_1.tar.bz2#f8aa87cccec186c4076bd9287552f600
https://conda.anaconda.org/anaconda/noarch/arrow-1.2.2-pyhd3eb1b0_0.tar.bz2#68ab081fc1e71466932dc96b9bba365a
https://conda.anaconda.org/conda-forge/noarch/black-22.3.0-pyhd8ed1ab_0.tar.bz2#7ecbfaae9a30b73c1a6e36e4a0debc03
https://conda.anaconda.org/anaconda/win-64/brotlipy-0.7.0-py38h2bbff1b_1003.tar.bz2#c90041922dc728bb51a872b8705474df
https://conda.anaconda.org/anaconda/noarch/cleo-0.8.1-pyhd3eb1b0_1.tar.bz2#ab37a88852b0838aa2f70df97d05b6d2
https://conda.anaconda.org/conda-forge/noarch/click-default-group-1.2.2-pyhd8ed1ab_1.tar.bz2#72a46ffc25701c173932fd55cf0965d3
https://conda.anaconda.org/anaconda/win-64/cryptography-37.0.1-py38h21b164f_0.tar.bz2#97fecf4926ea49f1662ff9694eefb15c
https://conda.anaconda.org/anaconda/noarch/importlib_metadata-4.11.3-hd3eb1b0_0.tar.bz2#827983ac8b3f0c85c474326141c4e8ab
https://conda.anaconda.org/conda-forge/noarch/nodeenv-1.7.0-pyhd8ed1ab_0.tar.bz2#fbe1182f650c04513046d6894046cd6c
https://conda.anaconda.org/anaconda/win-64/numpy-base-1.22.3-py38hca35cd5_0.tar.bz2#72d575157b73c440546915a68fb9e6a9
https://conda.anaconda.org/anaconda/win-64/pydantic-1.9.0-py38h2bbff1b_1.tar.bz2#8aa42c89410060ae5d3867627e0c2a57
https://conda.anaconda.org/anaconda/win-64/pytest-7.1.2-py38haa95532_0.tar.bz2#6fe6412df5242a6d47c61e44f35f159e
https://conda.anaconda.org/anaconda/win-64/ruamel.yaml-0.16.12-py38he774522_1.tar.bz2#d08535b8ae667b56dfd39f15f54c5523
https://conda.anaconda.org/anaconda/win-64/sip-6.5.1-py38hd77b12b_0.tar.bz2#23237dc4cee7e29171074d1d38e14ec9
https://conda.anaconda.org/conda-forge/win-64/ukkonen-1.0.1-py38hbd9d945_2.tar.bz2#631db1d5cccbe3cd67f8e74995f7ca2a
https://conda.anaconda.org/conda-forge/noarch/identify-2.5.3-pyhd8ed1ab_0.tar.bz2#682f05a8e4b047ce4bdcec9d69c12551
https://conda.anaconda.org/anaconda/noarch/jinja2-time-0.2.0-pyhd3eb1b0_3.tar.bz2#93dbe6e9c7837b2ab11feca97a31a3e2
https://conda.anaconda.org/anaconda/noarch/jsonschema-3.2.0-pyhd3eb1b0_2.tar.bz2#5f3ce1200ed75325671e886810697ae3
https://conda.anaconda.org/anaconda/win-64/keyring-23.4.0-py38haa95532_0.tar.bz2#ca654450d643e8a676d4841b1ad05ce1
https://conda.anaconda.org/anaconda/noarch/pyopenssl-22.0.0-pyhd3eb1b0_0.tar.bz2#24300c22dced4609b77f3ace93b5beeb
https://conda.anaconda.org/anaconda/win-64/pyqt-5.9.2-py38ha925a31_4.tar.bz2#37253f051277485e5c672e4f2c0e27df
https://conda.anaconda.org/conda-forge/win-64/pre-commit-2.20.0-py38haa244fe_0.tar.bz2#3b132ba0c74e6ef289920e76f041232a
https://conda.anaconda.org/anaconda/win-64/urllib3-1.26.9-py38haa95532_0.tar.bz2#dfdf2448de03a99ed6d03eb9ee81935b
https://conda.anaconda.org/conda-forge/noarch/pre_commit-2.20.0-hd8ed1ab_0.tar.bz2#a13b20be8b761a96c7c737d0fba71d71
https://conda.anaconda.org/anaconda/noarch/requests-2.27.1-pyhd3eb1b0_0.tar.bz2#e12c0ec83a159d54d75821bf91a323fd
https://conda.anaconda.org/anaconda/noarch/cachecontrol-0.12.6-pyhd3eb1b0_0.tar.bz2#e36a9e71750412b2fcc045ff97953585
https://conda.anaconda.org/anaconda/noarch/cookiecutter-1.7.3-pyhd3eb1b0_0.tar.bz2#9bf7e2f85471782fbfeffb1b7b30e1f1
https://conda.anaconda.org/conda-forge/noarch/ensureconda-1.4.3-pyhd8ed1ab_0.tar.bz2#c99ae3abf501990769047b4b40a98f17
https://conda.anaconda.org/anaconda/noarch/requests-toolbelt-0.9.1-pyhd3eb1b0_0.tar.bz2#0f4ac1dfc7699331821b3a6545d5fa13
https://conda.anaconda.org/anaconda/win-64/poetry-1.1.7-py38haa95532_0.tar.bz2#bd64c52fda90a148ceb5354bf156f657
https://conda.anaconda.org/conda-forge/noarch/conda-lock-1.1.1-pyhd8ed1ab_0.tar.bz2#2d1c6d733a45b168eef7acc6212109ed
https://conda.anaconda.org/anaconda/win-64/bottleneck-1.3.4-py38h080aedc_0.tar.bz2#73af0b62cd11581f5c9b0c1af78f9ac2
https://conda.anaconda.org/anaconda/win-64/matplotlib-3.2.2-0.tar.bz2#18965a4589371ee20497a784596f7047
https://conda.anaconda.org/anaconda/win-64/matplotlib-base-3.2.2-py38h64f37c6_0.tar.bz2#95148ed5ceb10cd863e176107433d1d7
https://conda.anaconda.org/anaconda/win-64/mkl_fft-1.3.1-py38h277e83a_0.tar.bz2#fa9ac02999dd7e95cb0a756d9872e8d3
https://conda.anaconda.org/anaconda/win-64/mkl_random-1.2.2-py38hf11a4ad_0.tar.bz2#399fa9acd94aec646f7b457c5092e768
https://conda.anaconda.org/anaconda/win-64/numpy-1.22.3-py38h7a0a035_0.tar.bz2#367b59d8be7c5f8b48b4e424c737058f
https://conda.anaconda.org/anaconda/win-64/numexpr-2.8.1-py38hb80d3ca_2.tar.bz2#66ad1044614c28a9579a47fce46932f8
https://conda.anaconda.org/conda-forge/win-64/scipy-1.5.2-py38h5f893b4_2.tar.bz2#209a04e376d01853e6517bbab4d65399
https://conda.anaconda.org/anaconda/win-64/pandas-1.4.2-py38hd77b12b_0.tar.bz2#cb06b609cab05862e6fe467970afcf4a
https://conda.anaconda.org/conda-forge/noarch/pydoe2-1.3.0-py_0.tar.bz2#aaf48723eae43ebf7f119a27b4f6928c
https://conda.anaconda.org/anaconda/win-64/scikit-learn-1.0.2-py38hf11a4ad_1.tar.bz2#acecdb70606d71fe2fa0e50a52f54038
https://conda.anaconda.org/conda-forge/noarch/mesa-1.0.0-pyhd8ed1ab_0.tar.bz2#b600cb922b24542232994d4ee38870ff
https://conda.anaconda.org/anaconda/noarch/seaborn-0.11.2-pyhd3eb1b0_0.tar.bz2#99b93a1d863348badf23f6c9059a1d5b
https://conda.anaconda.org/conda-forge/win-64/smt-1.3.0-py38hcc40339_0.tar.bz2#63d0cb6c09cd82de31cc1ab7372127c8
