# platform: linux-64
# env_hash: 1030c13a521fba5bb68561ccf16d0cde45bf7fa3ffcc340bf821cc5ed9fe5829
@EXPLICIT
https://conda.anaconda.org/conda-forge/linux-64/_libgcc_mutex-0.1-conda_forge.tar.bz2#d7c89558ba9fa0495403155b64376d81
https://conda.anaconda.org/anaconda/linux-64/ca-certificates-2020.10.14-0.tar.bz2#48642e3fd8fda4a7b17fddecc4b6dbca
https://conda.anaconda.org/anaconda/linux-64/ld_impl_linux-64-2.33.1-h53a641e_7.tar.bz2#85a01d2f8a5faa97fa2dfcc7ad7852e6
https://conda.anaconda.org/conda-forge/linux-64/libgfortran4-7.5.0-h14aa051_19.tar.bz2#918ebd815b3d8c0491e65dd608e4b917
https://conda.anaconda.org/conda-forge/linux-64/libstdcxx-ng-9.3.0-h6de172a_19.tar.bz2#cd9a24a8dde03ec0cf0e603b0bea85a1
https://conda.anaconda.org/conda-forge/linux-64/llvm-openmp-11.1.0-h4bd325d_1.tar.bz2#ab555be0c1fe0b2c2a8401545a7678c8
https://conda.anaconda.org/conda-forge/linux-64/_openmp_mutex-4.5-1_llvm.tar.bz2#fa8d764c883a53d22ce622bea830c818
https://conda.anaconda.org/conda-forge/linux-64/libgfortran-ng-7.5.0-h14aa051_19.tar.bz2#64e976fde4eeac460137f67f0645dd2a
https://conda.anaconda.org/conda-forge/linux-64/libgcc-ng-9.3.0-h2828fa1_19.tar.bz2#9d5cdfc51476ee4dcdd96ed2dca3f943
https://conda.anaconda.org/anaconda/linux-64/libffi-3.3-he6710b0_2.tar.bz2#822b5201dde61bc838072dc5b670c88c
https://conda.anaconda.org/conda-forge/linux-64/libopenblas-0.3.12-pthreads_hb3c22a3_1.tar.bz2#602e033fdeeae7a88dd90283aa777a1f
https://conda.anaconda.org/anaconda/linux-64/ncurses-6.2-he6710b0_1.tar.bz2#e8ca84eda38cda3b462addd143a2e7b7
https://conda.anaconda.org/anaconda/linux-64/openssl-1.1.1h-h7b6447c_0.tar.bz2#4602410a1a538cb0e3a2dff8d9fecfca
https://conda.anaconda.org/anaconda/linux-64/xz-5.2.5-h7b6447c_0.tar.bz2#e17620ef8fc8654e77f53b4f2995b288
https://conda.anaconda.org/anaconda/linux-64/yaml-0.2.5-h7b6447c_0.tar.bz2#fcff4f33bb4e3fa91f8d5c3168807abb
https://conda.anaconda.org/anaconda/linux-64/zlib-1.2.11-h7b6447c_3.tar.bz2#e76217678961a4836e1067a2d11603e2
https://conda.anaconda.org/conda-forge/linux-64/libblas-3.9.0-3_openblas.tar.bz2#45bf606ba7dc222c7c3eda0be241c948
https://conda.anaconda.org/anaconda/linux-64/libedit-3.1.20191231-h14c3975_1.tar.bz2#6448fbc5c3a35ff00bb1e5e066bc929a
https://conda.anaconda.org/anaconda/linux-64/readline-8.0-h7b6447c_0.tar.bz2#724f71ddc8b5a95db3d97023c788959f
https://conda.anaconda.org/anaconda/linux-64/tk-8.6.10-hbc83047_0.tar.bz2#76350e04c66dde3f9d94884866ed70c3
https://conda.anaconda.org/conda-forge/linux-64/libcblas-3.9.0-3_openblas.tar.bz2#2499ea2d37a37324abab3fd034faab44
https://conda.anaconda.org/conda-forge/linux-64/liblapack-3.9.0-3_openblas.tar.bz2#8fd9fca8f58e6e132f55dd2330cae671
https://conda.anaconda.org/anaconda/linux-64/sqlite-3.33.0-h62c20be_0.tar.bz2#803edb3abbf1241e491cf6c844c5a009
https://conda.anaconda.org/conda-forge/linux-64/liblapacke-3.9.0-3_openblas.tar.bz2#aa936e0d7b7d3397e086873f8449a093
https://conda.anaconda.org/anaconda/linux-64/python-3.8.5-h7579374_1.tar.bz2#bfd552aa67ef4585a6e87305b25aad52
https://conda.anaconda.org/anaconda/noarch/appdirs-1.4.4-py_0.tar.bz2#1ec0ad340dd2bb6786559565aa9e8a2f
https://conda.anaconda.org/anaconda/noarch/attrs-20.2.0-py_0.tar.bz2#fbac20defeae390f730e200dac29bf82
https://conda.anaconda.org/conda-forge/linux-64/blas-2.3-openblas.tar.bz2#fc373ce8a0808abc2880d69a56163a67
https://conda.anaconda.org/anaconda/linux-64/certifi-2020.6.20-py38_0.tar.bz2#d0aaf0cbc079ed89ef03dad00e02f526
https://conda.anaconda.org/anaconda/linux-64/chardet-3.0.4-py38_1003.tar.bz2#1c05ac6a6eaa00365c2e098e58ee552f
https://conda.anaconda.org/anaconda/noarch/click-7.1.2-py_0.tar.bz2#828d28ae2037e05472eb80fdcd41d3c6
https://conda.anaconda.org/anaconda/noarch/decorator-4.4.2-py_0.tar.bz2#4e298eec53d4a26726195d61ae144faf
https://conda.anaconda.org/anaconda/linux-64/distlib-0.3.1-py38_0.tar.bz2#d20bd0c1384ca6778ea0e158d6ed561e
https://conda.anaconda.org/anaconda/noarch/filelock-3.0.12-py_0.tar.bz2#e4dc56729eccc8ad5932a332bd1cbf82
https://conda.anaconda.org/anaconda/noarch/idna-2.10-py_0.tar.bz2#4b382d70696184fe9fcb7c75682664dc
https://conda.anaconda.org/anaconda/linux-64/markupsafe-1.1.1-py38h7b6447c_0.tar.bz2#49c211162360afb259473cfb1b51dd89
https://conda.anaconda.org/anaconda/linux-64/mypy_extensions-0.4.3-py38_0.tar.bz2#be0bad5a30ef6fe27466207ee01f75cf
https://conda.anaconda.org/anaconda/noarch/pathspec-0.7.0-py_0.tar.bz2#8e43fac55472913240f0f2154e31836a
https://conda.anaconda.org/conda-forge/noarch/poyo-0.5.0-py_0.tar.bz2#f7e49e76e34d946c607757ad68e6b3f2
https://conda.anaconda.org/anaconda/noarch/pycparser-2.20-py_2.tar.bz2#bc20c885814700fdc0187918f9aff9ac
https://conda.anaconda.org/anaconda/linux-64/pysocks-1.7.1-py38_0.tar.bz2#5fe976f37976a7a2199bea982d7cde6e
https://conda.anaconda.org/conda-forge/linux-64/python_abi-3.8-1_cp38.tar.bz2#8d05152d6fb3012b27a0e6fbcc14bea1
https://conda.anaconda.org/anaconda/noarch/pytz-2020.1-py_0.tar.bz2#ed81825324989d8f8f77a4ffd6ad1fdc
https://conda.anaconda.org/anaconda/linux-64/pyyaml-5.3.1-py38h7b6447c_1.tar.bz2#3c54f4037a8812ddd84b90f629605737
https://conda.anaconda.org/anaconda/linux-64/regex-2020.10.15-py38h7b6447c_0.tar.bz2#d6cac5deb42a01b3cd81bcef6216091c
https://conda.anaconda.org/anaconda/noarch/six-1.15.0-py_0.tar.bz2#0d41d5bff9a456f76f0ef718dc7a573a
https://conda.anaconda.org/anaconda/noarch/text-unidecode-1.3-py_0.tar.bz2#8c069d11b7c488e5236c7db6220c1db4
https://conda.anaconda.org/anaconda/noarch/toml-0.10.1-py_0.tar.bz2#93523ebfee95e873e2dd14e77c692620
https://conda.anaconda.org/anaconda/linux-64/tornado-6.0.4-py38h7b6447c_1.tar.bz2#14a2593680ee47d17f480bf7f89d9d45
https://conda.anaconda.org/anaconda/noarch/tqdm-4.50.2-py_0.tar.bz2#d7da4bc9cdf1b32934eadbc486a0c57e
https://conda.anaconda.org/anaconda/linux-64/typed-ast-1.4.1-py38h7b6447c_0.tar.bz2#f557902d184379b610d55039fb25969c
https://conda.anaconda.org/anaconda/noarch/typing_extensions-3.7.4.3-py_0.tar.bz2#5c8380f176d05a9ef3cc52b02f9c5c2c
https://conda.anaconda.org/anaconda/noarch/unidecode-1.1.1-py_0.tar.bz2#d6fd2a6cd88a4c2e67d94c0021e48bab
https://conda.anaconda.org/conda-forge/noarch/whichcraft-0.6.1-py_0.tar.bz2#08069b1a0dd029c8d5a8a935a7c71917
https://conda.anaconda.org/conda-forge/noarch/binaryornot-0.4.4-py_1.tar.bz2#a556fa60840fcb9dd739d186bfd252f7
https://conda.anaconda.org/anaconda/noarch/black-19.10b0-py_0.tar.bz2#efe4364cd657c3195f26835683a620a9
https://conda.anaconda.org/anaconda/linux-64/cffi-1.14.3-py38he30daa8_0.tar.bz2#8a249cc6fc565f62b779b3a016740f28
https://conda.anaconda.org/conda-forge/noarch/cfgv-3.2.0-py_0.tar.bz2#4972efcb3e2cbd3954b24a17266be25c
https://conda.anaconda.org/conda-forge/noarch/click-default-group-1.2.1-py_0.tar.bz2#64a66d3d4db54208496c4e2fa822eeee
https://conda.anaconda.org/anaconda/linux-64/numpy-base-1.19.1-py38h75fe3a5_0.tar.bz2#85b813620e512b1403a4ad7e580df2b6
https://conda.anaconda.org/anaconda/noarch/python-dateutil-2.8.1-py_0.tar.bz2#58a898b1a4a13e8c0cfd0d4b1a999ba9
https://conda.anaconda.org/anaconda/noarch/python-slugify-4.0.1-py_0.tar.bz2#d9cabf88812921d6f9fb5d93e6d15c89
https://conda.anaconda.org/anaconda/linux-64/setuptools-50.3.0-py38hb0f4dca_1.tar.bz2#c49c24270f5d66abf6d58542615fdf6a
https://conda.anaconda.org/anaconda/linux-64/virtualenv-20.0.35-py38_0.tar.bz2#ef4867cb9982d33ef98da103f43044c4
https://conda.anaconda.org/anaconda/linux-64/arrow-0.16.0-py38_0.tar.bz2#ca7c5fa7f097e09e02c0725750ee0cc1
https://conda.anaconda.org/anaconda/linux-64/brotlipy-0.7.0-py38h7b6447c_1000.tar.bz2#ff8bdccacfd6c78e12ee15bec47ad8d1
https://conda.anaconda.org/anaconda/linux-64/cryptography-3.1.1-py38h1ba5d50_0.tar.bz2#3d6a7099497d6c831918739ddbd6eac3
https://conda.anaconda.org/conda-forge/linux-64/editdistance-s-1.0.0-py38h1fd1430_1.tar.bz2#03bbd69539712a691b0a43bd4a49976e
https://conda.anaconda.org/anaconda/noarch/jinja2-2.11.2-py_0.tar.bz2#4a4fc89f9879933d7a948221c3db2ba0
https://conda.anaconda.org/anaconda/noarch/networkx-2.5-py_0.tar.bz2#c19d5d748d65345fa47a2f094e360663
https://conda.anaconda.org/conda-forge/noarch/nodeenv-1.6.0-pyhd8ed1ab_0.tar.bz2#0941325bf48969e2b3b19d0951740950
https://conda.anaconda.org/anaconda/linux-64/numpy-1.19.1-py38h30dfecb_0.tar.bz2#bdc4592686d6a48ad19dd040ad7f12e5
https://conda.anaconda.org/conda-forge/noarch/identify-2.2.3-pyhd8ed1ab_0.tar.bz2#bcbb7548505233dfea5ddca2ff403dc6
https://conda.anaconda.org/conda-forge/noarch/jinja2-time-0.2.0-py_2.tar.bz2#6e8d28fac1864c623fd4402168ca4d46
https://conda.anaconda.org/anaconda/linux-64/pandas-1.1.3-py38he6710b0_0.tar.bz2#e1008a89186024eac5aca09337b722a8
https://conda.anaconda.org/anaconda/noarch/pyopenssl-19.1.0-py_1.tar.bz2#eae315d2cf67ea8da0ae585af683b60d
https://conda.anaconda.org/anaconda/linux-64/scipy-1.5.2-py38habc2bb6_0.tar.bz2#0cf343bf781268d9c15e1bb94dec7446
https://conda.anaconda.org/conda-forge/linux-64/pre-commit-2.12.1-py38h578d9bd_0.tar.bz2#c26dbf85b3b8699f6a551e1f63bf9580
https://conda.anaconda.org/anaconda/noarch/urllib3-1.25.11-py_0.tar.bz2#be7e845e2ccdd23fb14e7421336346bf
https://conda.anaconda.org/conda-forge/noarch/pre_commit-2.12.1-hd8ed1ab_0.tar.bz2#d9d771199150fe0b52705f631332aad1
https://conda.anaconda.org/anaconda/noarch/requests-2.24.0-py_0.tar.bz2#0da8872d36b3ef33859654b6d0fea148
https://conda.anaconda.org/conda-forge/noarch/cookiecutter-1.7.2-pyh9f0ad1d_0.tar.bz2#9c8c5f26174b5a0d63e9655cf1fd7a2a
https://conda.anaconda.org/conda-forge/noarch/ensureconda-1.4.1-pyhd8ed1ab_0.tar.bz2#52a7f7cc9076e2c8a25e15e19ad42821
https://conda.anaconda.org/conda-forge/noarch/conda-lock-0.9.1-pyhd8ed1ab_0.tar.bz2#c918c8071db1665663a46371b0a46620
https://conda.anaconda.org/conda-forge/noarch/mesa-0.8.8.1-pyhd8ed1ab_0.tar.bz2#e37ef7a7e69183f3b57900b6bce7e61b
