# platform: osx-64
# env_hash: 3dff8d4b0b180d5d930a904045eeab403b00b42355c1b6d9fefbc1c39b927321
@EXPLICIT
https://conda.anaconda.org/conda-forge/noarch/_r-mutex-1.0.1-anacondar_1.tar.bz2#19f9db5f4f1b7f5ef5f6d67207f25f38
https://conda.anaconda.org/anaconda/osx-64/bzip2-1.0.8-h1de35cc_0.tar.bz2#ab3b4e83407001e7f1603ca1fa0f4873
https://conda.anaconda.org/conda-forge/osx-64/c-ares-1.17.1-h0d85af4_1.tar.bz2#786a1af1bc9194e43bb3a9e1ea0146ed
https://conda.anaconda.org/anaconda/osx-64/ca-certificates-2020.10.14-0.tar.bz2#a894a257ca27119745c5737cb95fc39e
https://conda.anaconda.org/anaconda/osx-64/fribidi-1.0.10-haf1e3a3_0.tar.bz2#58df1c8d8878f3fe462eb75826d5fbd7
https://conda.anaconda.org/conda-forge/osx-64/jpeg-9d-hbcb3906_0.tar.bz2#ff6fba028f282f94ceb10597d58a56e8
https://conda.anaconda.org/conda-forge/osx-64/ldid-2.1.2-h7660a38_2.tar.bz2#be1a378e6e6fa263ebb6c46c86834176
https://conda.anaconda.org/conda-forge/osx-64/libcxx-11.1.0-habf9029_0.tar.bz2#a88609e545f948a404419c65cd96fa1a
https://conda.anaconda.org/anaconda/osx-64/libev-4.33-haf1e3a3_0.tar.bz2#c60bbe1c3128fa70959e2d34c9ea3bbf
https://conda.anaconda.org/conda-forge/noarch/libgfortran-devel_osx-64-9.3.0-h6c81a4c_22.tar.bz2#ec33f98fe088a0311f05df5e46e710cf
https://conda.anaconda.org/anaconda/osx-64/libiconv-1.16-h1de35cc_0.tar.bz2#958cd626d57ef8782b14e5e64c0cc6e1
https://conda.anaconda.org/conda-forge/osx-64/llvm-openmp-11.1.0-hda6cdc1_1.tar.bz2#ca57c0d989dda699ee387581f781e239
https://conda.anaconda.org/anaconda/osx-64/make-4.2.1-h3efe00b_1.tar.bz2#a8df14101edb945bc4b1442c1426c7b5
https://conda.anaconda.org/anaconda/osx-64/pixman-0.40.0-haf1e3a3_0.tar.bz2#6b6e761568d74295f60de78626802725
https://conda.anaconda.org/anaconda/osx-64/xz-5.2.5-h1de35cc_0.tar.bz2#9ae05a921d148dc61b64b2685145cf82
https://conda.anaconda.org/anaconda/osx-64/yaml-0.2.5-haf1e3a3_0.tar.bz2#cbfabc8518e50cc4726b86d1d8b6400a
https://conda.anaconda.org/anaconda/osx-64/zlib-1.2.11-h1de35cc_3.tar.bz2#6fddebfbe8354dd5fdb5ac8d56dec5bf
https://conda.anaconda.org/conda-forge/osx-64/gmp-6.2.1-h2e338ed_0.tar.bz2#dedc96914428dae572a39e69ee2a392f
https://conda.anaconda.org/anaconda/osx-64/graphite2-1.3.14-h38d11af_0.tar.bz2#c6099339add3abafd5d969778699cc2d
https://conda.anaconda.org/conda-forge/osx-64/icu-68.1-h74dc148_0.tar.bz2#e4e7f8580abd1275ea2250fe606b66ac
https://conda.anaconda.org/conda-forge/osx-64/isl-0.22.1-hb1e8313_2.tar.bz2#d875acf04fcf1e4d5f3e179e0799363d
https://conda.anaconda.org/anaconda/osx-64/libffi-3.3-hb1e8313_2.tar.bz2#0d866b17cc3b70288c14478faed26db7
https://conda.anaconda.org/conda-forge/osx-64/libgfortran5-9.3.0-h6c81a4c_22.tar.bz2#15c2a786898e345e3865008236d50799
https://conda.anaconda.org/conda-forge/osx-64/libllvm11-11.1.0-hd011deb_2.tar.bz2#2fb85f4602db53d72af74732ac23df59
https://conda.anaconda.org/anaconda/osx-64/libpng-1.6.37-ha441bb4_0.tar.bz2#256b1d19857d350dc549c64d6857c9a9
https://conda.anaconda.org/anaconda/osx-64/lz4-c-1.9.2-h79c402e_3.tar.bz2#362c0fdd3eb96adc35edfb5bef32c315
https://conda.anaconda.org/anaconda/osx-64/ncurses-6.2-h0a44026_1.tar.bz2#f9b0393a71549899f7b20e100da46904
https://conda.anaconda.org/conda-forge/osx-64/openssl-1.1.1k-h0d85af4_0.tar.bz2#f9582eb16f4e3bc7932995e122f30a74
https://conda.anaconda.org/anaconda/osx-64/pcre-8.44-hb1e8313_0.tar.bz2#e93a2d08fc36700a6d903453db29a18f
https://conda.anaconda.org/conda-forge/osx-64/pcre2-10.36-h5cf9962_1.tar.bz2#72bdc145d557ae2d06624d8bd73dca39
https://conda.anaconda.org/conda-forge/osx-64/tapi-1100.0.11-h9ce4665_0.tar.bz2#f9ff42ccf809a21ba6f8607f8de36108
https://conda.anaconda.org/anaconda/osx-64/tk-8.6.10-hb0a8c7a_0.tar.bz2#89085878dfca80e48aa2f82302017c25
https://conda.anaconda.org/anaconda/osx-64/bwidget-1.9.11-1.tar.bz2#5490837167e855a02ba47b4cb43b57c9
https://conda.anaconda.org/anaconda/osx-64/freetype-2.10.4-ha233b18_0.tar.bz2#14cea7d53c920e67bbd73edaf07d057e
https://conda.anaconda.org/anaconda/osx-64/gettext-0.19.8.1-h15daf44_3.tar.bz2#7681fa7f32f81fc320919d828cd8c949
https://conda.anaconda.org/conda-forge/osx-64/ld64_osx-64-530-he8994da_21.tar.bz2#e831e5eb9b076b34077b3c3ca4a2114d
https://conda.anaconda.org/conda-forge/osx-64/libclang-cpp11.1-11.1.0-default_he082bbe_0.tar.bz2#b2ca7740ba28b3c10bd7545a3062be47
https://conda.anaconda.org/anaconda/osx-64/libedit-3.1.20191231-h1de35cc_1.tar.bz2#6e3ad1781c11cf05be9980aac0094f9e
https://conda.anaconda.org/conda-forge/osx-64/libgfortran-5.0.0-9_3_0_h6c81a4c_22.tar.bz2#2a96d438e9b3b5ece940211a4259d3e3
https://conda.anaconda.org/conda-forge/osx-64/libnghttp2-1.43.0-h07e645a_0.tar.bz2#b4a9c405d47f3b120ed6cf86cc8a13aa
https://conda.anaconda.org/anaconda/osx-64/libssh2-1.9.0-ha12b0ac_1.tar.bz2#6f0d94710fa3576ae321513963f1c364
https://conda.anaconda.org/conda-forge/osx-64/libxml2-2.9.10-h93ec3fd_4.tar.bz2#65d5f634e962c4883184aa65902241fd
https://conda.anaconda.org/conda-forge/osx-64/llvm-tools-11.1.0-hd011deb_2.tar.bz2#16d68adf7c3ff06054231d65266a84a2
https://conda.anaconda.org/anaconda/osx-64/mpfr-4.0.2-h9066e36_1.tar.bz2#083ab8a04e706f95d97e79de976540fb
https://conda.anaconda.org/anaconda/osx-64/readline-8.0-h1de35cc_0.tar.bz2#39f9a6a6e46700c4c336dddfbb6b6001
https://conda.anaconda.org/anaconda/osx-64/tktable-2.10-h1de35cc_0.tar.bz2#38711ae78e8c78aaa729be7f8d234122
https://conda.anaconda.org/anaconda/osx-64/zstd-1.4.4-h1990bb4_3.tar.bz2#67ea6300b14e3b7bffc1d9017423a1df
https://conda.anaconda.org/conda-forge/osx-64/cctools_osx-64-949.0.1-h6407bdd_21.tar.bz2#246255eca0f1299f2badc91ffb185173
https://conda.anaconda.org/conda-forge/osx-64/clang-11-11.1.0-default_he082bbe_0.tar.bz2#23ce07f261730da57894cbf5290b37b3
https://conda.anaconda.org/conda-forge/osx-64/fontconfig-2.13.1-h10f422b_1005.tar.bz2#95d7756fee0926aa2b6d111299c173f7
https://conda.anaconda.org/anaconda/osx-64/krb5-1.17.1-hddcf347_0.tar.bz2#9710c3467a02c5377160c63a5f837a9d
https://conda.anaconda.org/conda-forge/osx-64/libglib-2.68.1-hd556434_0.tar.bz2#a2919868ce5a9ca26eb20689b5ce6baa
https://conda.anaconda.org/conda-forge/osx-64/libopenblas-0.3.12-openmp_h54245bb_1.tar.bz2#ecaffce11312c27c18ad35e65095fecc
https://conda.anaconda.org/anaconda/osx-64/libtiff-4.1.0-hcb84e12_1.tar.bz2#1de5f56e18c2456e938a47481affe965
https://conda.anaconda.org/anaconda/osx-64/mpc-1.1.0-h6ef4df4_1.tar.bz2#e3f4e5825d7495329009da2529626af2
https://conda.anaconda.org/anaconda/osx-64/sqlite-3.33.0-hffcf06c_0.tar.bz2#d4e115b8b53e1ccb878c7c12dc390439
https://conda.anaconda.org/conda-forge/osx-64/cairo-1.16.0-he43a7df_1008.tar.bz2#9a7c5be2c238f69157979bd1987bac82
https://conda.anaconda.org/conda-forge/osx-64/clang-11.1.0-h694c41f_0.tar.bz2#b8575fadae6ca6db33f6d5bab59ed977
https://conda.anaconda.org/conda-forge/osx-64/gfortran_impl_osx-64-9.3.0-h9cc0e5e_22.tar.bz2#a2e2daf761d32bc768dca8924ec3fb35
https://conda.anaconda.org/conda-forge/osx-64/libblas-3.9.0-6_openblas.tar.bz2#1f98a07527bdc2bc0b842274ffd364e1
https://conda.anaconda.org/conda-forge/osx-64/libcurl-7.76.1-h8ef9fac_1.tar.bz2#c85e850ce40b713b2183cf208e90a493
https://conda.anaconda.org/anaconda/osx-64/python-3.8.5-h26836e1_1.tar.bz2#32b9b9cd4843de6f5cd6e17804e8dea0
https://conda.anaconda.org/anaconda/noarch/appdirs-1.4.4-py_0.tar.bz2#1ec0ad340dd2bb6786559565aa9e8a2f
https://conda.anaconda.org/anaconda/noarch/attrs-20.2.0-py_0.tar.bz2#fbac20defeae390f730e200dac29bf82
https://conda.anaconda.org/anaconda/osx-64/certifi-2020.6.20-py38_0.tar.bz2#d261ef1d968fed736056b3123a929daf
https://conda.anaconda.org/anaconda/osx-64/chardet-3.0.4-py38_1003.tar.bz2#6e944ac7a0a08c4fdce71b9b22e74ec7
https://conda.anaconda.org/conda-forge/osx-64/clangxx-11.1.0-default_he082bbe_0.tar.bz2#6dd3676c3e468793413a8cfcd7ffa3bc
https://conda.anaconda.org/anaconda/noarch/click-7.1.2-py_0.tar.bz2#828d28ae2037e05472eb80fdcd41d3c6
https://conda.anaconda.org/conda-forge/osx-64/curl-7.76.1-h06286d4_1.tar.bz2#41461a377c45322f049d23ee68dd41bc
https://conda.anaconda.org/anaconda/noarch/decorator-4.4.2-py_0.tar.bz2#4e298eec53d4a26726195d61ae144faf
https://conda.anaconda.org/anaconda/osx-64/distlib-0.3.1-py38_0.tar.bz2#85e98d5884dd989a3dff5fe5bb5779a8
https://conda.anaconda.org/anaconda/noarch/filelock-3.0.12-py_0.tar.bz2#e4dc56729eccc8ad5932a332bd1cbf82
https://conda.anaconda.org/conda-forge/osx-64/harfbuzz-2.8.0-h159f659_1.tar.bz2#ee71b6631ddc17ba85c3b8aa8581b018
https://conda.anaconda.org/anaconda/noarch/idna-2.10-py_0.tar.bz2#4b382d70696184fe9fcb7c75682664dc
https://conda.anaconda.org/conda-forge/osx-64/libcblas-3.9.0-6_openblas.tar.bz2#88c5d3434b895d706cd21de4cafcce01
https://conda.anaconda.org/conda-forge/osx-64/liblapack-3.9.0-6_openblas.tar.bz2#46c96dcccb52ffad0e6f22b02d2bde8a
https://conda.anaconda.org/anaconda/osx-64/markupsafe-1.1.1-py38h1de35cc_1.tar.bz2#bf84312db0e02e050424b4917d7c432e
https://conda.anaconda.org/anaconda/osx-64/mypy_extensions-0.4.3-py38_0.tar.bz2#ea5071c00a1448d6aaae4db159b14ce1
https://conda.anaconda.org/anaconda/noarch/pathspec-0.7.0-py_0.tar.bz2#8e43fac55472913240f0f2154e31836a
https://conda.anaconda.org/conda-forge/noarch/poyo-0.5.0-py_0.tar.bz2#f7e49e76e34d946c607757ad68e6b3f2
https://conda.anaconda.org/anaconda/noarch/pycparser-2.20-py_2.tar.bz2#bc20c885814700fdc0187918f9aff9ac
https://conda.anaconda.org/anaconda/osx-64/pysocks-1.7.1-py38_1.tar.bz2#6837a4c11fb0126b4422d0caaa1b6296
https://conda.anaconda.org/conda-forge/osx-64/python_abi-3.8-1_cp38.tar.bz2#5fe7757fd743e1c2d14d6170d4f53365
https://conda.anaconda.org/anaconda/noarch/pytz-2020.1-py_0.tar.bz2#ed81825324989d8f8f77a4ffd6ad1fdc
https://conda.anaconda.org/anaconda/osx-64/pyyaml-5.3.1-py38haf1e3a3_1.tar.bz2#5f5e095c2dfec8e07dcadec1f35e81b0
https://conda.anaconda.org/anaconda/osx-64/regex-2020.10.15-py38haf1e3a3_0.tar.bz2#06f031e5b7e4e44ef23ec2ff7e4605f0
https://conda.anaconda.org/anaconda/osx-64/simplegeneric-0.8.1-py38_2.tar.bz2#79df16150e9236ca2d3c91ae28400c93
https://conda.anaconda.org/anaconda/noarch/six-1.15.0-py_0.tar.bz2#0d41d5bff9a456f76f0ef718dc7a573a
https://conda.anaconda.org/anaconda/noarch/text-unidecode-1.3-py_0.tar.bz2#8c069d11b7c488e5236c7db6220c1db4
https://conda.anaconda.org/anaconda/noarch/toml-0.10.1-py_0.tar.bz2#93523ebfee95e873e2dd14e77c692620
https://conda.anaconda.org/anaconda/osx-64/tornado-6.0.4-py38h1de35cc_1.tar.bz2#3719ca701fea3eba6ea554e8b8f9bd7d
https://conda.anaconda.org/anaconda/noarch/tqdm-4.50.2-py_0.tar.bz2#d7da4bc9cdf1b32934eadbc486a0c57e
https://conda.anaconda.org/anaconda/osx-64/typed-ast-1.4.1-py38h1de35cc_0.tar.bz2#196e83e9a98bdbefd837f082600462b9
https://conda.anaconda.org/anaconda/noarch/typing_extensions-3.7.4.3-py_0.tar.bz2#5c8380f176d05a9ef3cc52b02f9c5c2c
https://conda.anaconda.org/anaconda/noarch/unidecode-1.1.1-py_0.tar.bz2#d6fd2a6cd88a4c2e67d94c0021e48bab
https://conda.anaconda.org/conda-forge/noarch/whichcraft-0.6.1-py_0.tar.bz2#08069b1a0dd029c8d5a8a935a7c71917
https://conda.anaconda.org/conda-forge/noarch/binaryornot-0.4.4-py_1.tar.bz2#a556fa60840fcb9dd739d186bfd252f7
https://conda.anaconda.org/anaconda/noarch/black-19.10b0-py_0.tar.bz2#efe4364cd657c3195f26835683a620a9
https://conda.anaconda.org/anaconda/osx-64/cffi-1.14.3-py38hed5b41f_0.tar.bz2#aa0655e67f21d643106d680be1d627c6
https://conda.anaconda.org/conda-forge/noarch/cfgv-3.2.0-py_0.tar.bz2#4972efcb3e2cbd3954b24a17266be25c
https://conda.anaconda.org/conda-forge/noarch/click-default-group-1.2.1-py_0.tar.bz2#64a66d3d4db54208496c4e2fa822eeee
https://conda.anaconda.org/conda-forge/noarch/compiler-rt_osx-64-11.1.0-h8c5fa43_0.tar.bz2#fb3f165a363d3ca0ceeffd4ccca3244f
https://conda.anaconda.org/conda-forge/osx-64/gsl-2.6-h71c5fe9_2.tar.bz2#6468b455b2234916ebc07c2058611a3d
https://conda.anaconda.org/conda-forge/osx-64/liblapacke-3.9.0-6_openblas.tar.bz2#c816f0fc931e0ef00a7231f6f7d7b403
https://conda.anaconda.org/conda-forge/osx-64/pango-1.42.4-ha86e081_5.tar.bz2#23cc7aeb9c983f9bba284efb9de48078
https://conda.anaconda.org/anaconda/noarch/python-dateutil-2.8.1-py_0.tar.bz2#58a898b1a4a13e8c0cfd0d4b1a999ba9
https://conda.anaconda.org/anaconda/noarch/python-slugify-4.0.1-py_0.tar.bz2#d9cabf88812921d6f9fb5d93e6d15c89
https://conda.anaconda.org/anaconda/osx-64/setuptools-50.3.0-py38h0dc7051_1.tar.bz2#741356706f20996fbec58e85a44b8676
https://conda.anaconda.org/anaconda/osx-64/tzlocal-2.1-py38_0.tar.bz2#d94415be159a7156770a7c8bcd0502a9
https://conda.anaconda.org/anaconda/osx-64/virtualenv-20.0.35-py38_0.tar.bz2#7484676e14fb0edeb5266f6879a5d18a
https://conda.anaconda.org/anaconda/osx-64/arrow-0.16.0-py38_0.tar.bz2#aa057cf2d42eafcad13acf797ccbf757
https://conda.anaconda.org/conda-forge/osx-64/blas-2.106-openblas.tar.bz2#eea5f61d576a50f53ec83fa8a033a955
https://conda.anaconda.org/anaconda/osx-64/brotlipy-0.7.0-py38haf1e3a3_1000.tar.bz2#9c8345e34263e3abecc1149e025ad2d7
https://conda.anaconda.org/conda-forge/osx-64/compiler-rt-11.1.0-h654b07c_0.tar.bz2#1ec4ff5ed3535060da79f923235ddb60
https://conda.anaconda.org/anaconda/osx-64/cryptography-3.1.1-py38hddc9c9b_0.tar.bz2#186f20d44b4413465ccee43a7645c665
https://conda.anaconda.org/conda-forge/osx-64/editdistance-s-1.0.0-py38h12bbefe_1.tar.bz2#28b83b51d2ed52542bb2a5b46ae32bfc
https://conda.anaconda.org/anaconda/noarch/jinja2-2.11.2-py_0.tar.bz2#4a4fc89f9879933d7a948221c3db2ba0
https://conda.anaconda.org/anaconda/noarch/networkx-2.5-py_0.tar.bz2#c19d5d748d65345fa47a2f094e360663
https://conda.anaconda.org/conda-forge/noarch/nodeenv-1.6.0-pyhd8ed1ab_0.tar.bz2#0941325bf48969e2b3b19d0951740950
https://conda.anaconda.org/conda-forge/osx-64/clang_osx-64-11.1.0-hb91bd55_1.tar.bz2#4cf2f2dbea1a0d0462817b4999e1f8c2
https://conda.anaconda.org/conda-forge/noarch/identify-2.2.3-pyhd8ed1ab_0.tar.bz2#bcbb7548505233dfea5ddca2ff403dc6
https://conda.anaconda.org/conda-forge/noarch/jinja2-time-0.2.0-py_2.tar.bz2#6e8d28fac1864c623fd4402168ca4d46
https://conda.anaconda.org/anaconda/osx-64/numpy-base-1.19.1-py38h68fea81_0.tar.bz2#0f29e876aed43d78a4e154fa03148fa6
https://conda.anaconda.org/anaconda/noarch/pyopenssl-19.1.0-py_1.tar.bz2#eae315d2cf67ea8da0ae585af683b60d
https://conda.anaconda.org/conda-forge/osx-64/clangxx_osx-64-11.1.0-h7e1b574_1.tar.bz2#9e018f250015ecb261a19c33253f9ced
https://conda.anaconda.org/conda-forge/osx-64/gfortran_osx-64-9.3.0-h18f7dce_14.tar.bz2#ba880ffed9748573da098f694a098e62
https://conda.anaconda.org/anaconda/osx-64/numpy-1.19.1-py38ha6d8c68_0.tar.bz2#3dd26bf2ea212aedad45fd36390b8f3b
https://conda.anaconda.org/conda-forge/osx-64/pre-commit-2.12.1-py38h50d1736_0.tar.bz2#6598973cfeac6a4689367bfa7cead8ea
https://conda.anaconda.org/anaconda/noarch/urllib3-1.25.11-py_0.tar.bz2#be7e845e2ccdd23fb14e7421336346bf
https://conda.anaconda.org/anaconda/osx-64/pandas-1.1.3-py38hb1e8313_0.tar.bz2#ef33c690446d16e1e0b968ec3264f9ee
https://conda.anaconda.org/conda-forge/noarch/pre_commit-2.12.1-hd8ed1ab_0.tar.bz2#d9d771199150fe0b52705f631332aad1
https://conda.anaconda.org/conda-forge/osx-64/r-base-4.0.3-hc5a05b9_6.tar.bz2#33804055522f31cbe66d0640d4ff61e5
https://conda.anaconda.org/anaconda/noarch/requests-2.24.0-py_0.tar.bz2#0da8872d36b3ef33859654b6d0fea148
https://conda.anaconda.org/conda-forge/osx-64/scipy-1.6.2-py38h431c0a8_0.tar.bz2#3cb15ccfbe0243d35f9dd325d30a8887
https://conda.anaconda.org/conda-forge/noarch/cookiecutter-1.7.2-pyh9f0ad1d_0.tar.bz2#9c8c5f26174b5a0d63e9655cf1fd7a2a
https://conda.anaconda.org/conda-forge/noarch/ensureconda-1.4.1-pyhd8ed1ab_0.tar.bz2#52a7f7cc9076e2c8a25e15e19ad42821
https://conda.anaconda.org/conda-forge/osx-64/rpy2-3.4.4-py38r40h0793694_0.tar.bz2#e3f1771e89ea21cbaeb8e1f251aa04c8
https://conda.anaconda.org/conda-forge/noarch/conda-lock-0.9.1-pyhd8ed1ab_0.tar.bz2#c918c8071db1665663a46371b0a46620
https://conda.anaconda.org/conda-forge/noarch/mesa-0.8.8.1-pyhd8ed1ab_0.tar.bz2#e37ef7a7e69183f3b57900b6bce7e61b
